// !$*UTF8*$!
{
	archiveVersion = 1;
	classes = {
	};
	objectVersion = 56;
	objects = {

/* Begin PBXBuildFile section */
		AFD2AA0B2AAB678700D66F68 /* AppDelegate.swift in Sources */ = {isa = PBXBuildFile; fileRef = AFD2AA0A2AAB678700D66F68 /* AppDelegate.swift */; };
		AFD2AA0D2AAB678700D66F68 /* SceneDelegate.swift in Sources */ = {isa = PBXBuildFile; fileRef = AFD2AA0C2AAB678700D66F68 /* SceneDelegate.swift */; };
		AFD2AA0F2AAB678700D66F68 /* ViewController.swift in Sources */ = {isa = PBXBuildFile; fileRef = AFD2AA0E2AAB678700D66F68 /* ViewController.swift */; };
		AFD2AA122AAB678700D66F68 /* Main.storyboard in Resources */ = {isa = PBXBuildFile; fileRef = AFD2AA102AAB678700D66F68 /* Main.storyboard */; };
		AFD2AA142AAB678900D66F68 /* Assets.xcassets in Resources */ = {isa = PBXBuildFile; fileRef = AFD2AA132AAB678900D66F68 /* Assets.xcassets */; };
		AFD2AA172AAB678900D66F68 /* LaunchScreen.storyboard in Resources */ = {isa = PBXBuildFile; fileRef = AFD2AA152AAB678900D66F68 /* LaunchScreen.storyboard */; };
		AFD2AA1F2AAB6D5500D66F68 /* NavigationTableViewController.swift in Sources */ = {isa = PBXBuildFile; fileRef = AFD2AA1E2AAB6D5500D66F68 /* NavigationTableViewController.swift */; };
		AFD2AA212AAB703900D66F68 /* ShadowType.swift in Sources */ = {isa = PBXBuildFile; fileRef = AFD2AA202AAB703900D66F68 /* ShadowType.swift */; };
/* End PBXBuildFile section */

/* Begin PBXFileReference section */
		AFD2AA072AAB678700D66F68 /* AdvancedUIViewShadowEffects.app */ = {isa = PBXFileReference; explicitFileType = wrapper.application; includeInIndex = 0; path = AdvancedUIViewShadowEffects.app; sourceTree = BUILT_PRODUCTS_DIR; };
		AFD2AA0A2AAB678700D66F68 /* AppDelegate.swift */ = {isa = PBXFileReference; lastKnownFileType = sourcecode.swift; path = AppDelegate.swift; sourceTree = "<group>"; };
		AFD2AA0C2AAB678700D66F68 /* SceneDelegate.swift */ = {isa = PBXFileReference; lastKnownFileType = sourcecode.swift; path = SceneDelegate.swift; sourceTree = "<group>"; };
		AFD2AA0E2AAB678700D66F68 /* ViewController.swift */ = {isa = PBXFileReference; lastKnownFileType = sourcecode.swift; path = ViewController.swift; sourceTree = "<group>"; };
		AFD2AA112AAB678700D66F68 /* Base */ = {isa = PBXFileReference; lastKnownFileType = file.storyboard; name = Base; path = Base.lproj/Main.storyboard; sourceTree = "<group>"; };
		AFD2AA132AAB678900D66F68 /* Assets.xcassets */ = {isa = PBXFileReference; lastKnownFileType = folder.assetcatalog; path = Assets.xcassets; sourceTree = "<group>"; };
		AFD2AA162AAB678900D66F68 /* Base */ = {isa = PBXFileReference; lastKnownFileType = file.storyboard; name = Base; path = Base.lproj/LaunchScreen.storyboard; sourceTree = "<group>"; };
		AFD2AA182AAB678900D66F68 /* Info.plist */ = {isa = PBXFileReference; lastKnownFileType = text.plist.xml; path = Info.plist; sourceTree = "<group>"; };
		AFD2AA1E2AAB6D5500D66F68 /* NavigationTableViewController.swift */ = {isa = PBXFileReference; lastKnownFileType = sourcecode.swift; path = NavigationTableViewController.swift; sourceTree = "<group>"; };
		AFD2AA202AAB703900D66F68 /* ShadowType.swift */ = {isa = PBXFileReference; lastKnownFileType = sourcecode.swift; path = ShadowType.swift; sourceTree = "<group>"; };
/* End PBXFileReference section */

/* Begin PBXFrameworksBuildPhase section */
		AFD2AA042AAB678700D66F68 /* Frameworks */ = {
			isa = PBXFrameworksBuildPhase;
			buildActionMask = 2147483647;
			files = (
			);
			runOnlyForDeploymentPostprocessing = 0;
		};
/* End PBXFrameworksBuildPhase section */

/* Begin PBXGroup section */
		AFD2A9FE2AAB678700D66F68 = {
			isa = PBXGroup;
			children = (
				AFD2AA092AAB678700D66F68 /* AdvancedUIViewShadowEffects */,
				AFD2AA082AAB678700D66F68 /* Products */,
			);
			sourceTree = "<group>";
		};
		AFD2AA082AAB678700D66F68 /* Products */ = {
			isa = PBXGroup;
			children = (
				AFD2AA072AAB678700D66F68 /* AdvancedUIViewShadowEffects.app */,
			);
			name = Products;
			sourceTree = "<group>";
		};
		AFD2AA092AAB678700D66F68 /* AdvancedUIViewShadowEffects */ = {
			isa = PBXGroup;
			children = (
				AFD2AA0A2AAB678700D66F68 /* AppDelegate.swift */,
				AFD2AA0C2AAB678700D66F68 /* SceneDelegate.swift */,
				AFD2AA202AAB703900D66F68 /* ShadowType.swift */,
				AFD2AA1E2AAB6D5500D66F68 /* NavigationTableViewController.swift */,
				AFD2AA0E2AAB678700D66F68 /* ViewController.swift */,
				AFD2AA102AAB678700D66F68 /* Main.storyboard */,
				AFD2AA132AAB678900D66F68 /* Assets.xcassets */,
				AFD2AA152AAB678900D66F68 /* LaunchScreen.storyboard */,
				AFD2AA182AAB678900D66F68 /* Info.plist */,
			);
			path = AdvancedUIViewShadowEffects;
			sourceTree = "<group>";
		};
/* End PBXGroup section */

/* Begin PBXNativeTarget section */
		AFD2AA062AAB678700D66F68 /* AdvancedUIViewShadowEffects */ = {
			isa = PBXNativeTarget;
			buildConfigurationList = AFD2AA1B2AAB678900D66F68 /* Build configuration list for PBXNativeTarget "AdvancedUIViewShadowEffects" */;
			buildPhases = (
				AFD2AA032AAB678700D66F68 /* Sources */,
				AFD2AA042AAB678700D66F68 /* Frameworks */,
				AFD2AA052AAB678700D66F68 /* Resources */,
			);
			buildRules = (
			);
			dependencies = (
			);
			name = AdvancedUIViewShadowEffects;
			productName = AdvancedUIViewShadowEffects;
			productReference = AFD2AA072AAB678700D66F68 /* AdvancedUIViewShadowEffects.app */;
			productType = "com.apple.product-type.application";
		};
/* End PBXNativeTarget section */

/* Begin PBXProject section */
		AFD2A9FF2AAB678700D66F68 /* Project object */ = {
			isa = PBXProject;
			attributes = {
				BuildIndependentTargetsInParallel = 1;
				LastSwiftUpdateCheck = 1430;
				LastUpgradeCheck = 1430;
				TargetAttributes = {
					AFD2AA062AAB678700D66F68 = {
						CreatedOnToolsVersion = 14.3.1;
					};
				};
			};
			buildConfigurationList = AFD2AA022AAB678700D66F68 /* Build configuration list for PBXProject "AdvancedUIViewShadowEffects" */;
			compatibilityVersion = "Xcode 14.0";
			developmentRegion = en;
			hasScannedForEncodings = 0;
			knownRegions = (
				en,
				Base,
			);
			mainGroup = AFD2A9FE2AAB678700D66F68;
			productRefGroup = AFD2AA082AAB678700D66F68 /* Products */;
			projectDirPath = "";
			projectRoot = "";
			targets = (
				AFD2AA062AAB678700D66F68 /* AdvancedUIViewShadowEffects */,
			);
		};
/* End PBXProject section */

/* Begin PBXResourcesBuildPhase section */
		AFD2AA052AAB678700D66F68 /* Resources */ = {
			isa = PBXResourcesBuildPhase;
			buildActionMask = 2147483647;
			files = (
				AFD2AA172AAB678900D66F68 /* LaunchScreen.storyboard in Resources */,
				AFD2AA142AAB678900D66F68 /* Assets.xcassets in Resources */,
				AFD2AA122AAB678700D66F68 /* Main.storyboard in Resources */,
			);
			runOnlyForDeploymentPostprocessing = 0;
		};
/* End PBXResourcesBuildPhase section */

/* Begin PBXSourcesBuildPhase section */
		AFD2AA032AAB678700D66F68 /* Sources */ = {
			isa = PBXSourcesBuildPhase;
			buildActionMask = 2147483647;
			files = (
				AFD2AA0F2AAB678700D66F68 /* ViewController.swift in Sources */,
				AFD2AA212AAB703900D66F68 /* ShadowType.swift in Sources */,
				AFD2AA1F2AAB6D5500D66F68 /* NavigationTableViewController.swift in Sources */,
				AFD2AA0B2AAB678700D66F68 /* AppDelegate.swift in Sources */,
				AFD2AA0D2AAB678700D66F68 /* SceneDelegate.swift in Sources */,
			);
			runOnlyForDeploymentPostprocessing = 0;
		};
/* End PBXSourcesBuildPhase section */

/* Begin PBXVariantGroup section */
		AFD2AA102AAB678700D66F68 /* Main.storyboard */ = {
			isa = PBXVariantGroup;
			children = (
				AFD2AA112AAB678700D66F68 /* Base */,
			);
			name = Main.storyboard;
			sourceTree = "<group>";
		};
		AFD2AA152AAB678900D66F68 /* LaunchScreen.storyboard */ = {
			isa = PBXVariantGroup;
			children = (
				AFD2AA162AAB678900D66F68 /* Base */,
			);
			name = LaunchScreen.storyboard;
			sourceTree = "<group>";
		};
/* End PBXVariantGroup section */

/* Begin XCBuildConfiguration section */
		AFD2AA192AAB678900D66F68 /* Debug */ = {
			isa = XCBuildConfiguration;
			buildSettings = {
				ALWAYS_SEARCH_USER_PATHS = NO;
				CLANG_ANALYZER_NONNULL = YES;
				CLANG_ANALYZER_NUMBER_OBJECT_CONVERSION = YES_AGGRESSIVE;
				CLANG_CXX_LANGUAGE_STANDARD = "gnu++20";
				CLANG_ENABLE_MODULES = YES;
				CLANG_ENABLE_OBJC_ARC = YES;
				CLANG_ENABLE_OBJC_WEAK = YES;
				CLANG_WARN_BLOCK_CAPTURE_AUTORELEASING = YES;
				CLANG_WARN_BOOL_CONVERSION = YES;
				CLANG_WARN_COMMA = YES;
				CLANG_WARN_CONSTANT_CONVERSION = YES;
				CLANG_WARN_DEPRECATED_OBJC_IMPLEMENTATIONS = YES;
				CLANG_WARN_DIRECT_OBJC_ISA_USAGE = YES_ERROR;
				CLANG_WARN_DOCUMENTATION_COMMENTS = YES;
				CLANG_WARN_EMPTY_BODY = YES;
				CLANG_WARN_ENUM_CONVERSION = YES;
				CLANG_WARN_INFINITE_RECURSION = YES;
				CLANG_WARN_INT_CONVERSION = YES;
				CLANG_WARN_NON_LITERAL_NULL_CONVERSION = YES;
				CLANG_WARN_OBJC_IMPLICIT_RETAIN_SELF = YES;
				CLANG_WARN_OBJC_LITERAL_CONVERSION = YES;
				CLANG_WARN_OBJC_ROOT_CLASS = YES_ERROR;
				CLANG_WARN_QUOTED_INCLUDE_IN_FRAMEWORK_HEADER = YES;
				CLANG_WARN_RANGE_LOOP_ANALYSIS = YES;
				CLANG_WARN_STRICT_PROTOTYPES = YES;
				CLANG_WARN_SUSPICIOUS_MOVE = YES;
				CLANG_WARN_UNGUARDED_AVAILABILITY = YES_AGGRESSIVE;
				CLANG_WARN_UNREACHABLE_CODE = YES;
				CLANG_WARN__DUPLICATE_METHOD_MATCH = YES;
				COPY_PHASE_STRIP = NO;
				DEBUG_INFORMATION_FORMAT = dwarf;
				ENABLE_STRICT_OBJC_MSGSEND = YES;
				ENABLE_TESTABILITY = YES;
				GCC_C_LANGUAGE_STANDARD = gnu11;
				GCC_DYNAMIC_NO_PIC = NO;
				GCC_NO_COMMON_BLOCKS = YES;
				GCC_OPTIMIZATION_LEVEL = 0;
				GCC_PREPROCESSOR_DEFINITIONS = (
					"DEBUG=1",
					"$(inherited)",
				);
				GCC_WARN_64_TO_32_BIT_CONVERSION = YES;
				GCC_WARN_ABOUT_RETURN_TYPE = YES_ERROR;
				GCC_WARN_UNDECLARED_SELECTOR = YES;
				GCC_WARN_UNINITIALIZED_AUTOS = YES_AGGRESSIVE;
				GCC_WARN_UNUSED_FUNCTION = YES;
				GCC_WARN_UNUSED_VARIABLE = YES;
				IPHONEOS_DEPLOYMENT_TARGET = 16.4;
				MTL_ENABLE_DEBUG_INFO = INCLUDE_SOURCE;
				MTL_FAST_MATH = YES;
				ONLY_ACTIVE_ARCH = YES;
				SDKROOT = iphoneos;
				SWIFT_ACTIVE_COMPILATION_CONDITIONS = DEBUG;
				SWIFT_OPTIMIZATION_LEVEL = "-Onone";
			};
			name = Debug;
		};
		AFD2AA1A2AAB678900D66F68 /* Release */ = {
			isa = XCBuildConfiguration;
			buildSettings = {
				ALWAYS_SEARCH_USER_PATHS = NO;
				CLANG_ANALYZER_NONNULL = YES;
				CLANG_ANALYZER_NUMBER_OBJECT_CONVERSION = YES_AGGRESSIVE;
				CLANG_CXX_LANGUAGE_STANDARD = "gnu++20";
				CLANG_ENABLE_MODULES = YES;
				CLANG_ENABLE_OBJC_ARC = YES;
				CLANG_ENABLE_OBJC_WEAK = YES;
				CLANG_WARN_BLOCK_CAPTURE_AUTORELEASING = YES;
				CLANG_WARN_BOOL_CONVERSION = YES;
				CLANG_WARN_COMMA = YES;
				CLANG_WARN_CONSTANT_CONVERSION = YES;
				CLANG_WARN_DEPRECATED_OBJC_IMPLEMENTATIONS = YES;
				CLANG_WARN_DIRECT_OBJC_ISA_USAGE = YES_ERROR;
				CLANG_WARN_DOCUMENTATION_COMMENTS = YES;
				CLANG_WARN_EMPTY_BODY = YES;
				CLANG_WARN_ENUM_CONVERSION = YES;
				CLANG_WARN_INFINITE_RECURSION = YES;
				CLANG_WARN_INT_CONVERSION = YES;
				CLANG_WARN_NON_LITERAL_NULL_CONVERSION = YES;
				CLANG_WARN_OBJC_IMPLICIT_RETAIN_SELF = YES;
				CLANG_WARN_OBJC_LITERAL_CONVERSION = YES;
				CLANG_WARN_OBJC_ROOT_CLASS = YES_ERROR;
				CLANG_WARN_QUOTED_INCLUDE_IN_FRAMEWORK_HEADER = YES;
				CLANG_WARN_RANGE_LOOP_ANALYSIS = YES;
				CLANG_WARN_STRICT_PROTOTYPES = YES;
				CLANG_WARN_SUSPICIOUS_MOVE = YES;
				CLANG_WARN_UNGUARDED_AVAILABILITY = YES_AGGRESSIVE;
				CLANG_WARN_UNREACHABLE_CODE = YES;
				CLANG_WARN__DUPLICATE_METHOD_MATCH = YES;
				COPY_PHASE_STRIP = NO;
				DEBUG_INFORMATION_FORMAT = "dwarf-with-dsym";
				ENABLE_NS_ASSERTIONS = NO;
				ENABLE_STRICT_OBJC_MSGSEND = YES;
				GCC_C_LANGUAGE_STANDARD = gnu11;
				GCC_NO_COMMON_BLOCKS = YES;
				GCC_WARN_64_TO_32_BIT_CONVERSION = YES;
				GCC_WARN_ABOUT_RETURN_TYPE = YES_ERROR;
				GCC_WARN_UNDECLARED_SELECTOR = YES;
				GCC_WARN_UNINITIALIZED_AUTOS = YES_AGGRESSIVE;
				GCC_WARN_UNUSED_FUNCTION = YES;
				GCC_WARN_UNUSED_VARIABLE = YES;
				IPHONEOS_DEPLOYMENT_TARGET = 16.4;
				MTL_ENABLE_DEBUG_INFO = NO;
				MTL_FAST_MATH = YES;
				SDKROOT = iphoneos;
				SWIFT_COMPILATION_MODE = wholemodule;
				SWIFT_OPTIMIZATION_LEVEL = "-O";
				VALIDATE_PRODUCT = YES;
			};
			name = Release;
		};
		AFD2AA1C2AAB678900D66F68 /* Debug */ = {
			isa = XCBuildConfiguration;
			buildSettings = {
				ASSETCATALOG_COMPILER_APPICON_NAME = AppIcon;
				ASSETCATALOG_COMPILER_GLOBAL_ACCENT_COLOR_NAME = AccentColor;
				CODE_SIGN_STYLE = Automatic;
				CURRENT_PROJECT_VERSION = 1;
				DEVELOPMENT_TEAM = 7B475922E3;
				GENERATE_INFOPLIST_FILE = YES;
				INFOPLIST_FILE = AdvancedUIViewShadowEffects/Info.plist;
				INFOPLIST_KEY_UIApplicationSupportsIndirectInputEvents = YES;
				INFOPLIST_KEY_UILaunchStoryboardName = LaunchScreen;
				INFOPLIST_KEY_UIMainStoryboardFile = Main;
				INFOPLIST_KEY_UISupportedInterfaceOrientations_iPad = "UIInterfaceOrientationPortrait UIInterfaceOrientationPortraitUpsideDown UIInterfaceOrientationLandscapeLeft UIInterfaceOrientationLandscapeRight";
				INFOPLIST_KEY_UISupportedInterfaceOrientations_iPhone = "UIInterfaceOrientationPortrait UIInterfaceOrientationLandscapeLeft UIInterfaceOrientationLandscapeRight";
				LD_RUNPATH_SEARCH_PATHS = (
					"$(inherited)",
					"@executable_path/Frameworks",
				);
				MARKETING_VERSION = 1.0;
				PRODUCT_BUNDLE_IDENTIFIER = com.arturremizov.AdvancedUIViewShadowEffects;
				PRODUCT_NAME = "$(TARGET_NAME)";
				SWIFT_EMIT_LOC_STRINGS = YES;
				SWIFT_VERSION = 5.0;
				TARGETED_DEVICE_FAMILY = "1,2";
			};
			name = Debug;
		};
		AFD2AA1D2AAB678900D66F68 /* Release */ = {
			isa = XCBuildConfiguration;
			buildSettings = {
				ASSETCATALOG_COMPILER_APPICON_NAME = AppIcon;
				ASSETCATALOG_COMPILER_GLOBAL_ACCENT_COLOR_NAME = AccentColor;
				CODE_SIGN_STYLE = Automatic;
				CURRENT_PROJECT_VERSION = 1;
				DEVELOPMENT_TEAM = 7B475922E3;
				GENERATE_INFOPLIST_FILE = YES;
				INFOPLIST_FILE = AdvancedUIViewShadowEffects/Info.plist;
				INFOPLIST_KEY_UIApplicationSupportsIndirectInputEvents = YES;
				INFOPLIST_KEY_UILaunchStoryboardName = LaunchScreen;
				INFOPLIST_KEY_UIMainStoryboardFile = Main;
				INFOPLIST_KEY_UISupportedInterfaceOrientations_iPad = "UIInterfaceOrientationPortrait UIInterfaceOrientationPortraitUpsideDown UIInterfaceOrientationLandscapeLeft UIInterfaceOrientationLandscapeRight";
				INFOPLIST_KEY_UISupportedInterfaceOrientations_iPhone = "UIInterfaceOrientationPortrait UIInterfaceOrientationLandscapeLeft UIInterfaceOrientationLandscapeRight";
				LD_RUNPATH_SEARCH_PATHS = (
					"$(inherited)",
					"@executable_path/Frameworks",
				);
				MARKETING_VERSION = 1.0;
				PRODUCT_BUNDLE_IDENTIFIER = com.arturremizov.AdvancedUIViewShadowEffects;
				PRODUCT_NAME = "$(TARGET_NAME)";
				SWIFT_EMIT_LOC_STRINGS = YES;
				SWIFT_VERSION = 5.0;
				TARGETED_DEVICE_FAMILY = "1,2";
			};
			name = Release;
		};
/* End XCBuildConfiguration section */

/* Begin XCConfigurationList section */
		AFD2AA022AAB678700D66F68 /* Build configuration list for PBXProject "AdvancedUIViewShadowEffects" */ = {
			isa = XCConfigurationList;
			buildConfigurations = (
				AFD2AA192AAB678900D66F68 /* Debug */,
				AFD2AA1A2AAB678900D66F68 /* Release */,
			);
			defaultConfigurationIsVisible = 0;
			defaultConfigurationName = Release;
		};
		AFD2AA1B2AAB678900D66F68 /* Build configuration list for PBXNativeTarget "AdvancedUIViewShadowEffects" */ = {
			isa = XCConfigurationList;
			buildConfigurations = (
				AFD2AA1C2AAB678900D66F68 /* Debug */,
				AFD2AA1D2AAB678900D66F68 /* Release */,
			);
			defaultConfigurationIsVisible = 0;
			defaultConfigurationName = Release;
		};
/* End XCConfigurationList section */
	};
	rootObject = AFD2A9FF2AAB678700D66F68 /* Project object */;
}
