// !$*UTF8*$!
{
	archiveVersion = 1;
	classes = {
	};
	objectVersion = 56;
	objects = {

/* Begin PBXBuildFile section */
		AF3906732A0FCCDF00ED8BA0 /* AssetFetcher.swift in Sources */ = {isa = PBXBuildFile; fileRef = AF3906722A0FCCDF00ED8BA0 /* AssetFetcher.swift */; };
		AF3906742A0FCCDF00ED8BA0 /* AssetFetcher.swift in Sources */ = {isa = PBXBuildFile; fileRef = AF3906722A0FCCDF00ED8BA0 /* AssetFetcher.swift */; };
		AF3906762A0FD73800ED8BA0 /* Asset.swift in Sources */ = {isa = PBXBuildFile; fileRef = AF3906752A0FD73800ED8BA0 /* Asset.swift */; };
		AF3906772A0FD73800ED8BA0 /* Asset.swift in Sources */ = {isa = PBXBuildFile; fileRef = AF3906752A0FD73800ED8BA0 /* Asset.swift */; };
		AF6A81442A0ED6D300EBB886 /* WidgetKit.framework in Frameworks */ = {isa = PBXBuildFile; fileRef = AF9508562A0D38F80040A858 /* WidgetKit.framework */; };
		AF6A81452A0ED6D300EBB886 /* SwiftUI.framework in Frameworks */ = {isa = PBXBuildFile; fileRef = AF9508582A0D38F80040A858 /* SwiftUI.framework */; };
		AF6A81482A0ED6D300EBB886 /* MyTextWidgetBundle.swift in Sources */ = {isa = PBXBuildFile; fileRef = AF6A81472A0ED6D300EBB886 /* MyTextWidgetBundle.swift */; };
		AF6A814A2A0ED6D300EBB886 /* MyTextWidget.swift in Sources */ = {isa = PBXBuildFile; fileRef = AF6A81492A0ED6D300EBB886 /* MyTextWidget.swift */; };
		AF6A814D2A0ED6D500EBB886 /* Assets.xcassets in Resources */ = {isa = PBXBuildFile; fileRef = AF6A814C2A0ED6D500EBB886 /* Assets.xcassets */; };
		AF6A814F2A0ED6D500EBB886 /* MyTextWidget.intentdefinition in Sources */ = {isa = PBXBuildFile; fileRef = AF6A814B2A0ED6D300EBB886 /* MyTextWidget.intentdefinition */; };
		AF6A81502A0ED6D500EBB886 /* MyTextWidget.intentdefinition in Sources */ = {isa = PBXBuildFile; fileRef = AF6A814B2A0ED6D300EBB886 /* MyTextWidget.intentdefinition */; };
		AF6A81532A0ED6D500EBB886 /* MyTextWidgetExtension.appex in Embed Foundation Extensions */ = {isa = PBXBuildFile; fileRef = AF6A81432A0ED6D300EBB886 /* MyTextWidgetExtension.appex */; settings = {ATTRIBUTES = (RemoveHeadersOnCopy, ); }; };
		AF707DB02A0FC18E0051C137 /* WidgetKit.framework in Frameworks */ = {isa = PBXBuildFile; fileRef = AF9508562A0D38F80040A858 /* WidgetKit.framework */; };
		AF707DB12A0FC18E0051C137 /* SwiftUI.framework in Frameworks */ = {isa = PBXBuildFile; fileRef = AF9508582A0D38F80040A858 /* SwiftUI.framework */; };
		AF707DB42A0FC18E0051C137 /* CryptoPriceWidgetBundle.swift in Sources */ = {isa = PBXBuildFile; fileRef = AF707DB32A0FC18E0051C137 /* CryptoPriceWidgetBundle.swift */; };
		AF707DB62A0FC18E0051C137 /* CryptoPriceWidget.swift in Sources */ = {isa = PBXBuildFile; fileRef = AF707DB52A0FC18E0051C137 /* CryptoPriceWidget.swift */; };
		AF707DB92A0FC1900051C137 /* Assets.xcassets in Resources */ = {isa = PBXBuildFile; fileRef = AF707DB82A0FC1900051C137 /* Assets.xcassets */; };
		AF707DBB2A0FC1900051C137 /* CryptoPriceWidget.intentdefinition in Sources */ = {isa = PBXBuildFile; fileRef = AF707DB72A0FC18E0051C137 /* CryptoPriceWidget.intentdefinition */; };
		AF707DBC2A0FC1900051C137 /* CryptoPriceWidget.intentdefinition in Sources */ = {isa = PBXBuildFile; fileRef = AF707DB72A0FC18E0051C137 /* CryptoPriceWidget.intentdefinition */; };
		AF707DBF2A0FC1900051C137 /* CryptoPriceWidgetExtension.appex in Embed Foundation Extensions */ = {isa = PBXBuildFile; fileRef = AF707DAF2A0FC18E0051C137 /* CryptoPriceWidgetExtension.appex */; settings = {ATTRIBUTES = (RemoveHeadersOnCopy, ); }; };
		AF707DC92A0FC5690051C137 /* Intents.framework in Frameworks */ = {isa = PBXBuildFile; fileRef = AF707DC82A0FC5690051C137 /* Intents.framework */; };
		AF707DCC2A0FC5690051C137 /* IntentHandler.swift in Sources */ = {isa = PBXBuildFile; fileRef = AF707DCB2A0FC5690051C137 /* IntentHandler.swift */; };
		AF707DD02A0FC5690051C137 /* CryptoPriceIntentExtensions.appex in Embed Foundation Extensions */ = {isa = PBXBuildFile; fileRef = AF707DC72A0FC5690051C137 /* CryptoPriceIntentExtensions.appex */; settings = {ATTRIBUTES = (RemoveHeadersOnCopy, ); }; };
		AF707DD42A0FC6E10051C137 /* CryptoPriceWidget.intentdefinition in Sources */ = {isa = PBXBuildFile; fileRef = AF707DB72A0FC18E0051C137 /* CryptoPriceWidget.intentdefinition */; };
		AF844BB72A0E7E6700E73B8E /* WidgetKit.framework in Frameworks */ = {isa = PBXBuildFile; fileRef = AF9508562A0D38F80040A858 /* WidgetKit.framework */; };
		AF844BB82A0E7E6700E73B8E /* SwiftUI.framework in Frameworks */ = {isa = PBXBuildFile; fileRef = AF9508582A0D38F80040A858 /* SwiftUI.framework */; };
		AF844BBB2A0E7E6700E73B8E /* CountdownWidgetBundle.swift in Sources */ = {isa = PBXBuildFile; fileRef = AF844BBA2A0E7E6700E73B8E /* CountdownWidgetBundle.swift */; };
		AF844BBD2A0E7E6700E73B8E /* CountdownWidget.swift in Sources */ = {isa = PBXBuildFile; fileRef = AF844BBC2A0E7E6700E73B8E /* CountdownWidget.swift */; };
		AF844BBF2A0E7E6800E73B8E /* Assets.xcassets in Resources */ = {isa = PBXBuildFile; fileRef = AF844BBE2A0E7E6800E73B8E /* Assets.xcassets */; };
		AF844BC32A0E7E6800E73B8E /* CountdownWidgetExtension.appex in Embed Foundation Extensions */ = {isa = PBXBuildFile; fileRef = AF844BB62A0E7E6600E73B8E /* CountdownWidgetExtension.appex */; settings = {ATTRIBUTES = (RemoveHeadersOnCopy, ); }; };
		AF844BCC2A0E8C9C00E73B8E /* WidgetKit.framework in Frameworks */ = {isa = PBXBuildFile; fileRef = AF9508562A0D38F80040A858 /* WidgetKit.framework */; };
		AF844BCD2A0E8C9C00E73B8E /* SwiftUI.framework in Frameworks */ = {isa = PBXBuildFile; fileRef = AF9508582A0D38F80040A858 /* SwiftUI.framework */; };
		AF844BD02A0E8C9C00E73B8E /* DoggyWidgetBundle.swift in Sources */ = {isa = PBXBuildFile; fileRef = AF844BCF2A0E8C9C00E73B8E /* DoggyWidgetBundle.swift */; };
		AF844BD22A0E8C9C00E73B8E /* DoggyWidget.swift in Sources */ = {isa = PBXBuildFile; fileRef = AF844BD12A0E8C9C00E73B8E /* DoggyWidget.swift */; };
		AF844BD42A0E8C9E00E73B8E /* Assets.xcassets in Resources */ = {isa = PBXBuildFile; fileRef = AF844BD32A0E8C9E00E73B8E /* Assets.xcassets */; };
		AF844BD82A0E8C9E00E73B8E /* DoggyWidgetExtension.appex in Embed Foundation Extensions */ = {isa = PBXBuildFile; fileRef = AF844BCB2A0E8C9C00E73B8E /* DoggyWidgetExtension.appex */; settings = {ATTRIBUTES = (RemoveHeadersOnCopy, ); }; };
		AF844BDD2A0E8CCB00E73B8E /* DoggyFetcher.swift in Sources */ = {isa = PBXBuildFile; fileRef = AF844BDC2A0E8CCB00E73B8E /* DoggyFetcher.swift */; };
		AF9508432A0D37160040A858 /* WidgetsExampleApp.swift in Sources */ = {isa = PBXBuildFile; fileRef = AF9508422A0D37160040A858 /* WidgetsExampleApp.swift */; };
		AF9508452A0D37160040A858 /* ContentView.swift in Sources */ = {isa = PBXBuildFile; fileRef = AF9508442A0D37160040A858 /* ContentView.swift */; };
		AF9508472A0D37180040A858 /* Assets.xcassets in Resources */ = {isa = PBXBuildFile; fileRef = AF9508462A0D37180040A858 /* Assets.xcassets */; };
		AF95084A2A0D37180040A858 /* Preview Assets.xcassets in Resources */ = {isa = PBXBuildFile; fileRef = AF9508492A0D37180040A858 /* Preview Assets.xcassets */; };
		AF9508572A0D38F80040A858 /* WidgetKit.framework in Frameworks */ = {isa = PBXBuildFile; fileRef = AF9508562A0D38F80040A858 /* WidgetKit.framework */; };
		AF9508592A0D38F80040A858 /* SwiftUI.framework in Frameworks */ = {isa = PBXBuildFile; fileRef = AF9508582A0D38F80040A858 /* SwiftUI.framework */; };
		AF95085C2A0D38F80040A858 /* ViewSizeWidgetBundle.swift in Sources */ = {isa = PBXBuildFile; fileRef = AF95085B2A0D38F80040A858 /* ViewSizeWidgetBundle.swift */; };
		AF95085E2A0D38F80040A858 /* ViewSizeWidget.swift in Sources */ = {isa = PBXBuildFile; fileRef = AF95085D2A0D38F80040A858 /* ViewSizeWidget.swift */; };
		AF9508602A0D38FA0040A858 /* Assets.xcassets in Resources */ = {isa = PBXBuildFile; fileRef = AF95085F2A0D38FA0040A858 /* Assets.xcassets */; };
		AF9508642A0D38FA0040A858 /* ViewSizeWidgetExtension.appex in Embed Foundation Extensions */ = {isa = PBXBuildFile; fileRef = AF9508542A0D38F80040A858 /* ViewSizeWidgetExtension.appex */; settings = {ATTRIBUTES = (RemoveHeadersOnCopy, ); }; };
		AFA303A12A1114C40036B2E2 /* WidgetKit.framework in Frameworks */ = {isa = PBXBuildFile; fileRef = AF9508562A0D38F80040A858 /* WidgetKit.framework */; };
		AFA303A22A1114C40036B2E2 /* SwiftUI.framework in Frameworks */ = {isa = PBXBuildFile; fileRef = AF9508582A0D38F80040A858 /* SwiftUI.framework */; };
		AFA303A52A1114C40036B2E2 /* TapMeWidgetBundle.swift in Sources */ = {isa = PBXBuildFile; fileRef = AFA303A42A1114C40036B2E2 /* TapMeWidgetBundle.swift */; };
		AFA303A72A1114C40036B2E2 /* TapMeWidget.swift in Sources */ = {isa = PBXBuildFile; fileRef = AFA303A62A1114C40036B2E2 /* TapMeWidget.swift */; };
		AFA303AA2A1114C60036B2E2 /* Assets.xcassets in Resources */ = {isa = PBXBuildFile; fileRef = AFA303A92A1114C60036B2E2 /* Assets.xcassets */; };
		AFA303AC2A1114C60036B2E2 /* TapMeWidget.intentdefinition in Sources */ = {isa = PBXBuildFile; fileRef = AFA303A82A1114C40036B2E2 /* TapMeWidget.intentdefinition */; };
		AFA303AD2A1114C60036B2E2 /* TapMeWidget.intentdefinition in Sources */ = {isa = PBXBuildFile; fileRef = AFA303A82A1114C40036B2E2 /* TapMeWidget.intentdefinition */; };
		AFA303B02A1114C60036B2E2 /* TapMeWidgetExtension.appex in Embed Foundation Extensions */ = {isa = PBXBuildFile; fileRef = AFA303A02A1114C40036B2E2 /* TapMeWidgetExtension.appex */; settings = {ATTRIBUTES = (RemoveHeadersOnCopy, ); }; };
		AFA303B52A11219E0036B2E2 /* BackgroundColor+Extensions.swift in Sources */ = {isa = PBXBuildFile; fileRef = AFA303B42A11219E0036B2E2 /* BackgroundColor+Extensions.swift */; };
		AFA303B62A11219E0036B2E2 /* BackgroundColor+Extensions.swift in Sources */ = {isa = PBXBuildFile; fileRef = AFA303B42A11219E0036B2E2 /* BackgroundColor+Extensions.swift */; };
/* End PBXBuildFile section */

/* Begin PBXContainerItemProxy section */
		AF6A81512A0ED6D500EBB886 /* PBXContainerItemProxy */ = {
			isa = PBXContainerItemProxy;
			containerPortal = AF9508372A0D37160040A858 /* Project object */;
			proxyType = 1;
			remoteGlobalIDString = AF6A81422A0ED6D300EBB886;
			remoteInfo = MyTextWidgetExtension;
		};
		AF707DBD2A0FC1900051C137 /* PBXContainerItemProxy */ = {
			isa = PBXContainerItemProxy;
			containerPortal = AF9508372A0D37160040A858 /* Project object */;
			proxyType = 1;
			remoteGlobalIDString = AF707DAE2A0FC18E0051C137;
			remoteInfo = CryptoPriceWidgetExtension;
		};
		AF707DCE2A0FC5690051C137 /* PBXContainerItemProxy */ = {
			isa = PBXContainerItemProxy;
			containerPortal = AF9508372A0D37160040A858 /* Project object */;
			proxyType = 1;
			remoteGlobalIDString = AF707DC62A0FC5690051C137;
			remoteInfo = CryptoPriceIntentExtensions;
		};
		AF844BC12A0E7E6800E73B8E /* PBXContainerItemProxy */ = {
			isa = PBXContainerItemProxy;
			containerPortal = AF9508372A0D37160040A858 /* Project object */;
			proxyType = 1;
			remoteGlobalIDString = AF844BB52A0E7E6600E73B8E;
			remoteInfo = CountdownWidgetExtension;
		};
		AF844BD62A0E8C9E00E73B8E /* PBXContainerItemProxy */ = {
			isa = PBXContainerItemProxy;
			containerPortal = AF9508372A0D37160040A858 /* Project object */;
			proxyType = 1;
			remoteGlobalIDString = AF844BCA2A0E8C9C00E73B8E;
			remoteInfo = DoggyWidgetExtension;
		};
		AF9508622A0D38FA0040A858 /* PBXContainerItemProxy */ = {
			isa = PBXContainerItemProxy;
			containerPortal = AF9508372A0D37160040A858 /* Project object */;
			proxyType = 1;
			remoteGlobalIDString = AF9508532A0D38F80040A858;
			remoteInfo = ViewSizeWidgetExtension;
		};
		AFA303AE2A1114C60036B2E2 /* PBXContainerItemProxy */ = {
			isa = PBXContainerItemProxy;
			containerPortal = AF9508372A0D37160040A858 /* Project object */;
			proxyType = 1;
			remoteGlobalIDString = AFA3039F2A1114C40036B2E2;
			remoteInfo = TapMeWidgetExtension;
		};
/* End PBXContainerItemProxy section */

/* Begin PBXCopyFilesBuildPhase section */
		AF9508682A0D38FA0040A858 /* Embed Foundation Extensions */ = {
			isa = PBXCopyFilesBuildPhase;
			buildActionMask = 2147483647;
			dstPath = "";
			dstSubfolderSpec = 13;
			files = (
				AF844BC32A0E7E6800E73B8E /* CountdownWidgetExtension.appex in Embed Foundation Extensions */,
				AF9508642A0D38FA0040A858 /* ViewSizeWidgetExtension.appex in Embed Foundation Extensions */,
				AF707DBF2A0FC1900051C137 /* CryptoPriceWidgetExtension.appex in Embed Foundation Extensions */,
				AF844BD82A0E8C9E00E73B8E /* DoggyWidgetExtension.appex in Embed Foundation Extensions */,
				AF6A81532A0ED6D500EBB886 /* MyTextWidgetExtension.appex in Embed Foundation Extensions */,
				AFA303B02A1114C60036B2E2 /* TapMeWidgetExtension.appex in Embed Foundation Extensions */,
				AF707DD02A0FC5690051C137 /* CryptoPriceIntentExtensions.appex in Embed Foundation Extensions */,
			);
			name = "Embed Foundation Extensions";
			runOnlyForDeploymentPostprocessing = 0;
		};
/* End PBXCopyFilesBuildPhase section */

/* Begin PBXFileReference section */
		AF3906722A0FCCDF00ED8BA0 /* AssetFetcher.swift */ = {isa = PBXFileReference; lastKnownFileType = sourcecode.swift; path = AssetFetcher.swift; sourceTree = "<group>"; };
		AF3906752A0FD73800ED8BA0 /* Asset.swift */ = {isa = PBXFileReference; lastKnownFileType = sourcecode.swift; path = Asset.swift; sourceTree = "<group>"; };
		AF6A81432A0ED6D300EBB886 /* MyTextWidgetExtension.appex */ = {isa = PBXFileReference; explicitFileType = "wrapper.app-extension"; includeInIndex = 0; path = MyTextWidgetExtension.appex; sourceTree = BUILT_PRODUCTS_DIR; };
		AF6A81472A0ED6D300EBB886 /* MyTextWidgetBundle.swift */ = {isa = PBXFileReference; lastKnownFileType = sourcecode.swift; path = MyTextWidgetBundle.swift; sourceTree = "<group>"; };
		AF6A81492A0ED6D300EBB886 /* MyTextWidget.swift */ = {isa = PBXFileReference; lastKnownFileType = sourcecode.swift; path = MyTextWidget.swift; sourceTree = "<group>"; };
		AF6A814B2A0ED6D300EBB886 /* MyTextWidget.intentdefinition */ = {isa = PBXFileReference; lastKnownFileType = file.intentdefinition; path = MyTextWidget.intentdefinition; sourceTree = "<group>"; };
		AF6A814C2A0ED6D500EBB886 /* Assets.xcassets */ = {isa = PBXFileReference; lastKnownFileType = folder.assetcatalog; path = Assets.xcassets; sourceTree = "<group>"; };
		AF6A814E2A0ED6D500EBB886 /* Info.plist */ = {isa = PBXFileReference; lastKnownFileType = text.plist.xml; path = Info.plist; sourceTree = "<group>"; };
		AF6A81572A0ED7AE00EBB886 /* Info.plist */ = {isa = PBXFileReference; lastKnownFileType = text.plist; path = Info.plist; sourceTree = "<group>"; };
		AF707DAF2A0FC18E0051C137 /* CryptoPriceWidgetExtension.appex */ = {isa = PBXFileReference; explicitFileType = "wrapper.app-extension"; includeInIndex = 0; path = CryptoPriceWidgetExtension.appex; sourceTree = BUILT_PRODUCTS_DIR; };
		AF707DB32A0FC18E0051C137 /* CryptoPriceWidgetBundle.swift */ = {isa = PBXFileReference; lastKnownFileType = sourcecode.swift; path = CryptoPriceWidgetBundle.swift; sourceTree = "<group>"; };
		AF707DB52A0FC18E0051C137 /* CryptoPriceWidget.swift */ = {isa = PBXFileReference; lastKnownFileType = sourcecode.swift; path = CryptoPriceWidget.swift; sourceTree = "<group>"; };
		AF707DB72A0FC18E0051C137 /* CryptoPriceWidget.intentdefinition */ = {isa = PBXFileReference; lastKnownFileType = file.intentdefinition; path = CryptoPriceWidget.intentdefinition; sourceTree = "<group>"; };
		AF707DB82A0FC1900051C137 /* Assets.xcassets */ = {isa = PBXFileReference; lastKnownFileType = folder.assetcatalog; path = Assets.xcassets; sourceTree = "<group>"; };
		AF707DBA2A0FC1900051C137 /* Info.plist */ = {isa = PBXFileReference; lastKnownFileType = text.plist.xml; path = Info.plist; sourceTree = "<group>"; };
		AF707DC72A0FC5690051C137 /* CryptoPriceIntentExtensions.appex */ = {isa = PBXFileReference; explicitFileType = "wrapper.app-extension"; includeInIndex = 0; path = CryptoPriceIntentExtensions.appex; sourceTree = BUILT_PRODUCTS_DIR; };
		AF707DC82A0FC5690051C137 /* Intents.framework */ = {isa = PBXFileReference; lastKnownFileType = wrapper.framework; name = Intents.framework; path = System/Library/Frameworks/Intents.framework; sourceTree = SDKROOT; };
		AF707DCB2A0FC5690051C137 /* IntentHandler.swift */ = {isa = PBXFileReference; lastKnownFileType = sourcecode.swift; path = IntentHandler.swift; sourceTree = "<group>"; };
		AF707DCD2A0FC5690051C137 /* Info.plist */ = {isa = PBXFileReference; lastKnownFileType = text.plist.xml; path = Info.plist; sourceTree = "<group>"; };
		AF844BB62A0E7E6600E73B8E /* CountdownWidgetExtension.appex */ = {isa = PBXFileReference; explicitFileType = "wrapper.app-extension"; includeInIndex = 0; path = CountdownWidgetExtension.appex; sourceTree = BUILT_PRODUCTS_DIR; };
		AF844BBA2A0E7E6700E73B8E /* CountdownWidgetBundle.swift */ = {isa = PBXFileReference; lastKnownFileType = sourcecode.swift; path = CountdownWidgetBundle.swift; sourceTree = "<group>"; };
		AF844BBC2A0E7E6700E73B8E /* CountdownWidget.swift */ = {isa = PBXFileReference; lastKnownFileType = sourcecode.swift; path = CountdownWidget.swift; sourceTree = "<group>"; };
		AF844BBE2A0E7E6800E73B8E /* Assets.xcassets */ = {isa = PBXFileReference; lastKnownFileType = folder.assetcatalog; path = Assets.xcassets; sourceTree = "<group>"; };
		AF844BC02A0E7E6800E73B8E /* Info.plist */ = {isa = PBXFileReference; lastKnownFileType = text.plist.xml; path = Info.plist; sourceTree = "<group>"; };
		AF844BCB2A0E8C9C00E73B8E /* DoggyWidgetExtension.appex */ = {isa = PBXFileReference; explicitFileType = "wrapper.app-extension"; includeInIndex = 0; path = DoggyWidgetExtension.appex; sourceTree = BUILT_PRODUCTS_DIR; };
		AF844BCF2A0E8C9C00E73B8E /* DoggyWidgetBundle.swift */ = {isa = PBXFileReference; lastKnownFileType = sourcecode.swift; path = DoggyWidgetBundle.swift; sourceTree = "<group>"; };
		AF844BD12A0E8C9C00E73B8E /* DoggyWidget.swift */ = {isa = PBXFileReference; lastKnownFileType = sourcecode.swift; path = DoggyWidget.swift; sourceTree = "<group>"; };
		AF844BD32A0E8C9E00E73B8E /* Assets.xcassets */ = {isa = PBXFileReference; lastKnownFileType = folder.assetcatalog; path = Assets.xcassets; sourceTree = "<group>"; };
		AF844BD52A0E8C9E00E73B8E /* Info.plist */ = {isa = PBXFileReference; lastKnownFileType = text.plist.xml; path = Info.plist; sourceTree = "<group>"; };
		AF844BDC2A0E8CCB00E73B8E /* DoggyFetcher.swift */ = {isa = PBXFileReference; lastKnownFileType = sourcecode.swift; path = DoggyFetcher.swift; sourceTree = "<group>"; };
		AF95083F2A0D37160040A858 /* WidgetsExample.app */ = {isa = PBXFileReference; explicitFileType = wrapper.application; includeInIndex = 0; path = WidgetsExample.app; sourceTree = BUILT_PRODUCTS_DIR; };
		AF9508422A0D37160040A858 /* WidgetsExampleApp.swift */ = {isa = PBXFileReference; lastKnownFileType = sourcecode.swift; path = WidgetsExampleApp.swift; sourceTree = "<group>"; };
		AF9508442A0D37160040A858 /* ContentView.swift */ = {isa = PBXFileReference; lastKnownFileType = sourcecode.swift; path = ContentView.swift; sourceTree = "<group>"; };
		AF9508462A0D37180040A858 /* Assets.xcassets */ = {isa = PBXFileReference; lastKnownFileType = folder.assetcatalog; path = Assets.xcassets; sourceTree = "<group>"; };
		AF9508492A0D37180040A858 /* Preview Assets.xcassets */ = {isa = PBXFileReference; lastKnownFileType = folder.assetcatalog; path = "Preview Assets.xcassets"; sourceTree = "<group>"; };
		AF9508542A0D38F80040A858 /* ViewSizeWidgetExtension.appex */ = {isa = PBXFileReference; explicitFileType = "wrapper.app-extension"; includeInIndex = 0; path = ViewSizeWidgetExtension.appex; sourceTree = BUILT_PRODUCTS_DIR; };
		AF9508562A0D38F80040A858 /* WidgetKit.framework */ = {isa = PBXFileReference; lastKnownFileType = wrapper.framework; name = WidgetKit.framework; path = System/Library/Frameworks/WidgetKit.framework; sourceTree = SDKROOT; };
		AF9508582A0D38F80040A858 /* SwiftUI.framework */ = {isa = PBXFileReference; lastKnownFileType = wrapper.framework; name = SwiftUI.framework; path = System/Library/Frameworks/SwiftUI.framework; sourceTree = SDKROOT; };
		AF95085B2A0D38F80040A858 /* ViewSizeWidgetBundle.swift */ = {isa = PBXFileReference; lastKnownFileType = sourcecode.swift; path = ViewSizeWidgetBundle.swift; sourceTree = "<group>"; };
		AF95085D2A0D38F80040A858 /* ViewSizeWidget.swift */ = {isa = PBXFileReference; lastKnownFileType = sourcecode.swift; path = ViewSizeWidget.swift; sourceTree = "<group>"; };
		AF95085F2A0D38FA0040A858 /* Assets.xcassets */ = {isa = PBXFileReference; lastKnownFileType = folder.assetcatalog; path = Assets.xcassets; sourceTree = "<group>"; };
		AF9508612A0D38FA0040A858 /* Info.plist */ = {isa = PBXFileReference; lastKnownFileType = text.plist.xml; path = Info.plist; sourceTree = "<group>"; };
		AFA303A02A1114C40036B2E2 /* TapMeWidgetExtension.appex */ = {isa = PBXFileReference; explicitFileType = "wrapper.app-extension"; includeInIndex = 0; path = TapMeWidgetExtension.appex; sourceTree = BUILT_PRODUCTS_DIR; };
		AFA303A42A1114C40036B2E2 /* TapMeWidgetBundle.swift */ = {isa = PBXFileReference; lastKnownFileType = sourcecode.swift; path = TapMeWidgetBundle.swift; sourceTree = "<group>"; };
		AFA303A62A1114C40036B2E2 /* TapMeWidget.swift */ = {isa = PBXFileReference; lastKnownFileType = sourcecode.swift; path = TapMeWidget.swift; sourceTree = "<group>"; };
		AFA303A82A1114C40036B2E2 /* TapMeWidget.intentdefinition */ = {isa = PBXFileReference; lastKnownFileType = file.intentdefinition; path = TapMeWidget.intentdefinition; sourceTree = "<group>"; };
		AFA303A92A1114C60036B2E2 /* Assets.xcassets */ = {isa = PBXFileReference; lastKnownFileType = folder.assetcatalog; path = Assets.xcassets; sourceTree = "<group>"; };
		AFA303AB2A1114C60036B2E2 /* Info.plist */ = {isa = PBXFileReference; lastKnownFileType = text.plist.xml; path = Info.plist; sourceTree = "<group>"; };
		AFA303B42A11219E0036B2E2 /* BackgroundColor+Extensions.swift */ = {isa = PBXFileReference; lastKnownFileType = sourcecode.swift; path = "BackgroundColor+Extensions.swift"; sourceTree = "<group>"; };
/* End PBXFileReference section */

/* Begin PBXFrameworksBuildPhase section */
		AF6A81402A0ED6D300EBB886 /* Frameworks */ = {
			isa = PBXFrameworksBuildPhase;
			buildActionMask = 2147483647;
			files = (
				AF6A81452A0ED6D300EBB886 /* SwiftUI.framework in Frameworks */,
				AF6A81442A0ED6D300EBB886 /* WidgetKit.framework in Frameworks */,
			);
			runOnlyForDeploymentPostprocessing = 0;
		};
		AF707DAC2A0FC18E0051C137 /* Frameworks */ = {
			isa = PBXFrameworksBuildPhase;
			buildActionMask = 2147483647;
			files = (
				AF707DB12A0FC18E0051C137 /* SwiftUI.framework in Frameworks */,
				AF707DB02A0FC18E0051C137 /* WidgetKit.framework in Frameworks */,
			);
			runOnlyForDeploymentPostprocessing = 0;
		};
		AF707DC42A0FC5690051C137 /* Frameworks */ = {
			isa = PBXFrameworksBuildPhase;
			buildActionMask = 2147483647;
			files = (
				AF707DC92A0FC5690051C137 /* Intents.framework in Frameworks */,
			);
			runOnlyForDeploymentPostprocessing = 0;
		};
		AF844BB32A0E7E6600E73B8E /* Frameworks */ = {
			isa = PBXFrameworksBuildPhase;
			buildActionMask = 2147483647;
			files = (
				AF844BB82A0E7E6700E73B8E /* SwiftUI.framework in Frameworks */,
				AF844BB72A0E7E6700E73B8E /* WidgetKit.framework in Frameworks */,
			);
			runOnlyForDeploymentPostprocessing = 0;
		};
		AF844BC82A0E8C9C00E73B8E /* Frameworks */ = {
			isa = PBXFrameworksBuildPhase;
			buildActionMask = 2147483647;
			files = (
				AF844BCD2A0E8C9C00E73B8E /* SwiftUI.framework in Frameworks */,
				AF844BCC2A0E8C9C00E73B8E /* WidgetKit.framework in Frameworks */,
			);
			runOnlyForDeploymentPostprocessing = 0;
		};
		AF95083C2A0D37160040A858 /* Frameworks */ = {
			isa = PBXFrameworksBuildPhase;
			buildActionMask = 2147483647;
			files = (
			);
			runOnlyForDeploymentPostprocessing = 0;
		};
		AF9508512A0D38F80040A858 /* Frameworks */ = {
			isa = PBXFrameworksBuildPhase;
			buildActionMask = 2147483647;
			files = (
				AF9508592A0D38F80040A858 /* SwiftUI.framework in Frameworks */,
				AF9508572A0D38F80040A858 /* WidgetKit.framework in Frameworks */,
			);
			runOnlyForDeploymentPostprocessing = 0;
		};
		AFA3039D2A1114C40036B2E2 /* Frameworks */ = {
			isa = PBXFrameworksBuildPhase;
			buildActionMask = 2147483647;
			files = (
				AFA303A22A1114C40036B2E2 /* SwiftUI.framework in Frameworks */,
				AFA303A12A1114C40036B2E2 /* WidgetKit.framework in Frameworks */,
			);
			runOnlyForDeploymentPostprocessing = 0;
		};
/* End PBXFrameworksBuildPhase section */

/* Begin PBXGroup section */
		AF6A81462A0ED6D300EBB886 /* MyTextWidget */ = {
			isa = PBXGroup;
			children = (
				AF6A81472A0ED6D300EBB886 /* MyTextWidgetBundle.swift */,
				AF6A81492A0ED6D300EBB886 /* MyTextWidget.swift */,
				AF6A814B2A0ED6D300EBB886 /* MyTextWidget.intentdefinition */,
				AF6A814C2A0ED6D500EBB886 /* Assets.xcassets */,
				AF6A814E2A0ED6D500EBB886 /* Info.plist */,
			);
			path = MyTextWidget;
			sourceTree = "<group>";
		};
		AF707DB22A0FC18E0051C137 /* CryptoPriceWidget */ = {
			isa = PBXGroup;
			children = (
				AF3906752A0FD73800ED8BA0 /* Asset.swift */,
				AF3906722A0FCCDF00ED8BA0 /* AssetFetcher.swift */,
				AF707DB32A0FC18E0051C137 /* CryptoPriceWidgetBundle.swift */,
				AF707DB52A0FC18E0051C137 /* CryptoPriceWidget.swift */,
				AF707DB72A0FC18E0051C137 /* CryptoPriceWidget.intentdefinition */,
				AF707DB82A0FC1900051C137 /* Assets.xcassets */,
				AF707DBA2A0FC1900051C137 /* Info.plist */,
			);
			path = CryptoPriceWidget;
			sourceTree = "<group>";
		};
		AF707DCA2A0FC5690051C137 /* CryptoPriceIntentExtensions */ = {
			isa = PBXGroup;
			children = (
				AF707DCB2A0FC5690051C137 /* IntentHandler.swift */,
				AF707DCD2A0FC5690051C137 /* Info.plist */,
			);
			path = CryptoPriceIntentExtensions;
			sourceTree = "<group>";
		};
		AF844BB92A0E7E6700E73B8E /* CountdownWidget */ = {
			isa = PBXGroup;
			children = (
				AF844BBA2A0E7E6700E73B8E /* CountdownWidgetBundle.swift */,
				AF844BBC2A0E7E6700E73B8E /* CountdownWidget.swift */,
				AF844BBE2A0E7E6800E73B8E /* Assets.xcassets */,
				AF844BC02A0E7E6800E73B8E /* Info.plist */,
			);
			path = CountdownWidget;
			sourceTree = "<group>";
		};
		AF844BCE2A0E8C9C00E73B8E /* DoggyWidget */ = {
			isa = PBXGroup;
			children = (
				AF844BCF2A0E8C9C00E73B8E /* DoggyWidgetBundle.swift */,
				AF844BD12A0E8C9C00E73B8E /* DoggyWidget.swift */,
				AF844BDC2A0E8CCB00E73B8E /* DoggyFetcher.swift */,
				AF844BD32A0E8C9E00E73B8E /* Assets.xcassets */,
				AF844BD52A0E8C9E00E73B8E /* Info.plist */,
			);
			path = DoggyWidget;
			sourceTree = "<group>";
		};
		AF9508362A0D37160040A858 = {
			isa = PBXGroup;
			children = (
				AF9508412A0D37160040A858 /* WidgetsExample */,
				AF95085A2A0D38F80040A858 /* ViewSizeWidget */,
				AF844BB92A0E7E6700E73B8E /* CountdownWidget */,
				AF844BCE2A0E8C9C00E73B8E /* DoggyWidget */,
				AF6A81462A0ED6D300EBB886 /* MyTextWidget */,
				AF707DB22A0FC18E0051C137 /* CryptoPriceWidget */,
				AF707DCA2A0FC5690051C137 /* CryptoPriceIntentExtensions */,
				AFA303A32A1114C40036B2E2 /* TapMeWidget */,
				AF9508552A0D38F80040A858 /* Frameworks */,
				AF9508402A0D37160040A858 /* Products */,
			);
			sourceTree = "<group>";
		};
		AF9508402A0D37160040A858 /* Products */ = {
			isa = PBXGroup;
			children = (
				AF95083F2A0D37160040A858 /* WidgetsExample.app */,
				AF9508542A0D38F80040A858 /* ViewSizeWidgetExtension.appex */,
				AF844BB62A0E7E6600E73B8E /* CountdownWidgetExtension.appex */,
				AF844BCB2A0E8C9C00E73B8E /* DoggyWidgetExtension.appex */,
				AF6A81432A0ED6D300EBB886 /* MyTextWidgetExtension.appex */,
				AF707DAF2A0FC18E0051C137 /* CryptoPriceWidgetExtension.appex */,
				AF707DC72A0FC5690051C137 /* CryptoPriceIntentExtensions.appex */,
				AFA303A02A1114C40036B2E2 /* TapMeWidgetExtension.appex */,
			);
			name = Products;
			sourceTree = "<group>";
		};
		AF9508412A0D37160040A858 /* WidgetsExample */ = {
			isa = PBXGroup;
			children = (
				AF6A81572A0ED7AE00EBB886 /* Info.plist */,
				AF9508422A0D37160040A858 /* WidgetsExampleApp.swift */,
				AF9508442A0D37160040A858 /* ContentView.swift */,
				AF9508462A0D37180040A858 /* Assets.xcassets */,
				AF9508482A0D37180040A858 /* Preview Content */,
			);
			path = WidgetsExample;
			sourceTree = "<group>";
		};
		AF9508482A0D37180040A858 /* Preview Content */ = {
			isa = PBXGroup;
			children = (
				AF9508492A0D37180040A858 /* Preview Assets.xcassets */,
			);
			path = "Preview Content";
			sourceTree = "<group>";
		};
		AF9508552A0D38F80040A858 /* Frameworks */ = {
			isa = PBXGroup;
			children = (
				AF9508562A0D38F80040A858 /* WidgetKit.framework */,
				AF9508582A0D38F80040A858 /* SwiftUI.framework */,
				AF707DC82A0FC5690051C137 /* Intents.framework */,
			);
			name = Frameworks;
			sourceTree = "<group>";
		};
		AF95085A2A0D38F80040A858 /* ViewSizeWidget */ = {
			isa = PBXGroup;
			children = (
				AF95085B2A0D38F80040A858 /* ViewSizeWidgetBundle.swift */,
				AF95085D2A0D38F80040A858 /* ViewSizeWidget.swift */,
				AF95085F2A0D38FA0040A858 /* Assets.xcassets */,
				AF9508612A0D38FA0040A858 /* Info.plist */,
			);
			path = ViewSizeWidget;
			sourceTree = "<group>";
		};
		AFA303A32A1114C40036B2E2 /* TapMeWidget */ = {
			isa = PBXGroup;
			children = (
				AFA303B42A11219E0036B2E2 /* BackgroundColor+Extensions.swift */,
				AFA303A42A1114C40036B2E2 /* TapMeWidgetBundle.swift */,
				AFA303A62A1114C40036B2E2 /* TapMeWidget.swift */,
				AFA303A82A1114C40036B2E2 /* TapMeWidget.intentdefinition */,
				AFA303A92A1114C60036B2E2 /* Assets.xcassets */,
				AFA303AB2A1114C60036B2E2 /* Info.plist */,
			);
			path = TapMeWidget;
			sourceTree = "<group>";
		};
/* End PBXGroup section */

/* Begin PBXNativeTarget section */
		AF6A81422A0ED6D300EBB886 /* MyTextWidgetExtension */ = {
			isa = PBXNativeTarget;
			buildConfigurationList = AF6A81562A0ED6D500EBB886 /* Build configuration list for PBXNativeTarget "MyTextWidgetExtension" */;
			buildPhases = (
				AF6A813F2A0ED6D300EBB886 /* Sources */,
				AF6A81402A0ED6D300EBB886 /* Frameworks */,
				AF6A81412A0ED6D300EBB886 /* Resources */,
			);
			buildRules = (
			);
			dependencies = (
			);
			name = MyTextWidgetExtension;
			productName = MyTextWidgetExtension;
			productReference = AF6A81432A0ED6D300EBB886 /* MyTextWidgetExtension.appex */;
			productType = "com.apple.product-type.app-extension";
		};
		AF707DAE2A0FC18E0051C137 /* CryptoPriceWidgetExtension */ = {
			isa = PBXNativeTarget;
			buildConfigurationList = AF707DC22A0FC1900051C137 /* Build configuration list for PBXNativeTarget "CryptoPriceWidgetExtension" */;
			buildPhases = (
				AF707DAB2A0FC18E0051C137 /* Sources */,
				AF707DAC2A0FC18E0051C137 /* Frameworks */,
				AF707DAD2A0FC18E0051C137 /* Resources */,
			);
			buildRules = (
			);
			dependencies = (
			);
			name = CryptoPriceWidgetExtension;
			productName = CryptoPriceWidgetExtension;
			productReference = AF707DAF2A0FC18E0051C137 /* CryptoPriceWidgetExtension.appex */;
			productType = "com.apple.product-type.app-extension";
		};
		AF707DC62A0FC5690051C137 /* CryptoPriceIntentExtensions */ = {
			isa = PBXNativeTarget;
			buildConfigurationList = AF707DD12A0FC56A0051C137 /* Build configuration list for PBXNativeTarget "CryptoPriceIntentExtensions" */;
			buildPhases = (
				AF707DC32A0FC5690051C137 /* Sources */,
				AF707DC42A0FC5690051C137 /* Frameworks */,
				AF707DC52A0FC5690051C137 /* Resources */,
			);
			buildRules = (
			);
			dependencies = (
			);
			name = CryptoPriceIntentExtensions;
			productName = CryptoPriceIntentExtensions;
			productReference = AF707DC72A0FC5690051C137 /* CryptoPriceIntentExtensions.appex */;
			productType = "com.apple.product-type.app-extension";
		};
		AF844BB52A0E7E6600E73B8E /* CountdownWidgetExtension */ = {
			isa = PBXNativeTarget;
			buildConfigurationList = AF844BC62A0E7E6800E73B8E /* Build configuration list for PBXNativeTarget "CountdownWidgetExtension" */;
			buildPhases = (
				AF844BB22A0E7E6600E73B8E /* Sources */,
				AF844BB32A0E7E6600E73B8E /* Frameworks */,
				AF844BB42A0E7E6600E73B8E /* Resources */,
			);
			buildRules = (
			);
			dependencies = (
			);
			name = CountdownWidgetExtension;
			productName = CountdownWidgetExtension;
			productReference = AF844BB62A0E7E6600E73B8E /* CountdownWidgetExtension.appex */;
			productType = "com.apple.product-type.app-extension";
		};
		AF844BCA2A0E8C9C00E73B8E /* DoggyWidgetExtension */ = {
			isa = PBXNativeTarget;
			buildConfigurationList = AF844BD92A0E8C9E00E73B8E /* Build configuration list for PBXNativeTarget "DoggyWidgetExtension" */;
			buildPhases = (
				AF844BC72A0E8C9C00E73B8E /* Sources */,
				AF844BC82A0E8C9C00E73B8E /* Frameworks */,
				AF844BC92A0E8C9C00E73B8E /* Resources */,
			);
			buildRules = (
			);
			dependencies = (
			);
			name = DoggyWidgetExtension;
			productName = DoggyWidgetExtension;
			productReference = AF844BCB2A0E8C9C00E73B8E /* DoggyWidgetExtension.appex */;
			productType = "com.apple.product-type.app-extension";
		};
		AF95083E2A0D37160040A858 /* WidgetsExample */ = {
			isa = PBXNativeTarget;
			buildConfigurationList = AF95084D2A0D37180040A858 /* Build configuration list for PBXNativeTarget "WidgetsExample" */;
			buildPhases = (
				AF95083B2A0D37160040A858 /* Sources */,
				AF95083C2A0D37160040A858 /* Frameworks */,
				AF95083D2A0D37160040A858 /* Resources */,
				AF9508682A0D38FA0040A858 /* Embed Foundation Extensions */,
			);
			buildRules = (
			);
			dependencies = (
				AF9508632A0D38FA0040A858 /* PBXTargetDependency */,
				AF844BC22A0E7E6800E73B8E /* PBXTargetDependency */,
				AF844BD72A0E8C9E00E73B8E /* PBXTargetDependency */,
				AF6A81522A0ED6D500EBB886 /* PBXTargetDependency */,
				AF707DBE2A0FC1900051C137 /* PBXTargetDependency */,
				AF707DCF2A0FC5690051C137 /* PBXTargetDependency */,
				AFA303AF2A1114C60036B2E2 /* PBXTargetDependency */,
			);
			name = WidgetsExample;
			productName = WidgetsExample;
			productReference = AF95083F2A0D37160040A858 /* WidgetsExample.app */;
			productType = "com.apple.product-type.application";
		};
		AF9508532A0D38F80040A858 /* ViewSizeWidgetExtension */ = {
			isa = PBXNativeTarget;
			buildConfigurationList = AF9508652A0D38FA0040A858 /* Build configuration list for PBXNativeTarget "ViewSizeWidgetExtension" */;
			buildPhases = (
				AF9508502A0D38F80040A858 /* Sources */,
				AF9508512A0D38F80040A858 /* Frameworks */,
				AF9508522A0D38F80040A858 /* Resources */,
			);
			buildRules = (
			);
			dependencies = (
			);
			name = ViewSizeWidgetExtension;
			productName = ViewSizeWidgetExtension;
			productReference = AF9508542A0D38F80040A858 /* ViewSizeWidgetExtension.appex */;
			productType = "com.apple.product-type.app-extension";
		};
		AFA3039F2A1114C40036B2E2 /* TapMeWidgetExtension */ = {
			isa = PBXNativeTarget;
			buildConfigurationList = AFA303B32A1114C60036B2E2 /* Build configuration list for PBXNativeTarget "TapMeWidgetExtension" */;
			buildPhases = (
				AFA3039C2A1114C40036B2E2 /* Sources */,
				AFA3039D2A1114C40036B2E2 /* Frameworks */,
				AFA3039E2A1114C40036B2E2 /* Resources */,
			);
			buildRules = (
			);
			dependencies = (
			);
			name = TapMeWidgetExtension;
			productName = TapMeWidgetExtension;
			productReference = AFA303A02A1114C40036B2E2 /* TapMeWidgetExtension.appex */;
			productType = "com.apple.product-type.app-extension";
		};
/* End PBXNativeTarget section */

/* Begin PBXProject section */
		AF9508372A0D37160040A858 /* Project object */ = {
			isa = PBXProject;
			attributes = {
				BuildIndependentTargetsInParallel = 1;
				LastSwiftUpdateCheck = 1430;
				LastUpgradeCheck = 1430;
				TargetAttributes = {
					AF6A81422A0ED6D300EBB886 = {
						CreatedOnToolsVersion = 14.3;
					};
					AF707DAE2A0FC18E0051C137 = {
						CreatedOnToolsVersion = 14.3;
					};
					AF707DC62A0FC5690051C137 = {
						CreatedOnToolsVersion = 14.3;
					};
					AF844BB52A0E7E6600E73B8E = {
						CreatedOnToolsVersion = 14.3;
					};
					AF844BCA2A0E8C9C00E73B8E = {
						CreatedOnToolsVersion = 14.3;
					};
					AF95083E2A0D37160040A858 = {
						CreatedOnToolsVersion = 14.3;
					};
					AF9508532A0D38F80040A858 = {
						CreatedOnToolsVersion = 14.3;
					};
					AFA3039F2A1114C40036B2E2 = {
						CreatedOnToolsVersion = 14.3;
					};
				};
			};
			buildConfigurationList = AF95083A2A0D37160040A858 /* Build configuration list for PBXProject "WidgetsExample" */;
			compatibilityVersion = "Xcode 14.0";
			developmentRegion = en;
			hasScannedForEncodings = 0;
			knownRegions = (
				en,
				Base,
			);
			mainGroup = AF9508362A0D37160040A858;
			productRefGroup = AF9508402A0D37160040A858 /* Products */;
			projectDirPath = "";
			projectRoot = "";
			targets = (
				AF95083E2A0D37160040A858 /* WidgetsExample */,
				AF9508532A0D38F80040A858 /* ViewSizeWidgetExtension */,
				AF844BB52A0E7E6600E73B8E /* CountdownWidgetExtension */,
				AF844BCA2A0E8C9C00E73B8E /* DoggyWidgetExtension */,
				AF6A81422A0ED6D300EBB886 /* MyTextWidgetExtension */,
				AF707DAE2A0FC18E0051C137 /* CryptoPriceWidgetExtension */,
				AF707DC62A0FC5690051C137 /* CryptoPriceIntentExtensions */,
				AFA3039F2A1114C40036B2E2 /* TapMeWidgetExtension */,
			);
		};
/* End PBXProject section */

/* Begin PBXResourcesBuildPhase section */
		AF6A81412A0ED6D300EBB886 /* Resources */ = {
			isa = PBXResourcesBuildPhase;
			buildActionMask = 2147483647;
			files = (
				AF6A814D2A0ED6D500EBB886 /* Assets.xcassets in Resources */,
			);
			runOnlyForDeploymentPostprocessing = 0;
		};
		AF707DAD2A0FC18E0051C137 /* Resources */ = {
			isa = PBXResourcesBuildPhase;
			buildActionMask = 2147483647;
			files = (
				AF707DB92A0FC1900051C137 /* Assets.xcassets in Resources */,
			);
			runOnlyForDeploymentPostprocessing = 0;
		};
		AF707DC52A0FC5690051C137 /* Resources */ = {
			isa = PBXResourcesBuildPhase;
			buildActionMask = 2147483647;
			files = (
			);
			runOnlyForDeploymentPostprocessing = 0;
		};
		AF844BB42A0E7E6600E73B8E /* Resources */ = {
			isa = PBXResourcesBuildPhase;
			buildActionMask = 2147483647;
			files = (
				AF844BBF2A0E7E6800E73B8E /* Assets.xcassets in Resources */,
			);
			runOnlyForDeploymentPostprocessing = 0;
		};
		AF844BC92A0E8C9C00E73B8E /* Resources */ = {
			isa = PBXResourcesBuildPhase;
			buildActionMask = 2147483647;
			files = (
				AF844BD42A0E8C9E00E73B8E /* Assets.xcassets in Resources */,
			);
			runOnlyForDeploymentPostprocessing = 0;
		};
		AF95083D2A0D37160040A858 /* Resources */ = {
			isa = PBXResourcesBuildPhase;
			buildActionMask = 2147483647;
			files = (
				AF95084A2A0D37180040A858 /* Preview Assets.xcassets in Resources */,
				AF9508472A0D37180040A858 /* Assets.xcassets in Resources */,
			);
			runOnlyForDeploymentPostprocessing = 0;
		};
		AF9508522A0D38F80040A858 /* Resources */ = {
			isa = PBXResourcesBuildPhase;
			buildActionMask = 2147483647;
			files = (
				AF9508602A0D38FA0040A858 /* Assets.xcassets in Resources */,
			);
			runOnlyForDeploymentPostprocessing = 0;
		};
		AFA3039E2A1114C40036B2E2 /* Resources */ = {
			isa = PBXResourcesBuildPhase;
			buildActionMask = 2147483647;
			files = (
				AFA303AA2A1114C60036B2E2 /* Assets.xcassets in Resources */,
			);
			runOnlyForDeploymentPostprocessing = 0;
		};
/* End PBXResourcesBuildPhase section */

/* Begin PBXSourcesBuildPhase section */
		AF6A813F2A0ED6D300EBB886 /* Sources */ = {
			isa = PBXSourcesBuildPhase;
			buildActionMask = 2147483647;
			files = (
				AF6A814F2A0ED6D500EBB886 /* MyTextWidget.intentdefinition in Sources */,
				AF6A814A2A0ED6D300EBB886 /* MyTextWidget.swift in Sources */,
				AF6A81482A0ED6D300EBB886 /* MyTextWidgetBundle.swift in Sources */,
			);
			runOnlyForDeploymentPostprocessing = 0;
		};
		AF707DAB2A0FC18E0051C137 /* Sources */ = {
			isa = PBXSourcesBuildPhase;
			buildActionMask = 2147483647;
			files = (
				AF707DB62A0FC18E0051C137 /* CryptoPriceWidget.swift in Sources */,
				AF707DB42A0FC18E0051C137 /* CryptoPriceWidgetBundle.swift in Sources */,
				AF3906762A0FD73800ED8BA0 /* Asset.swift in Sources */,
				AF3906732A0FCCDF00ED8BA0 /* AssetFetcher.swift in Sources */,
				AF707DBB2A0FC1900051C137 /* CryptoPriceWidget.intentdefinition in Sources */,
			);
			runOnlyForDeploymentPostprocessing = 0;
		};
		AF707DC32A0FC5690051C137 /* Sources */ = {
			isa = PBXSourcesBuildPhase;
			buildActionMask = 2147483647;
			files = (
				AF3906742A0FCCDF00ED8BA0 /* AssetFetcher.swift in Sources */,
				AF707DCC2A0FC5690051C137 /* IntentHandler.swift in Sources */,
				AF3906772A0FD73800ED8BA0 /* Asset.swift in Sources */,
				AF707DD42A0FC6E10051C137 /* CryptoPriceWidget.intentdefinition in Sources */,
			);
			runOnlyForDeploymentPostprocessing = 0;
		};
		AF844BB22A0E7E6600E73B8E /* Sources */ = {
			isa = PBXSourcesBuildPhase;
			buildActionMask = 2147483647;
			files = (
				AF844BBB2A0E7E6700E73B8E /* CountdownWidgetBundle.swift in Sources */,
				AF844BBD2A0E7E6700E73B8E /* CountdownWidget.swift in Sources */,
			);
			runOnlyForDeploymentPostprocessing = 0;
		};
		AF844BC72A0E8C9C00E73B8E /* Sources */ = {
			isa = PBXSourcesBuildPhase;
			buildActionMask = 2147483647;
			files = (
				AF844BD22A0E8C9C00E73B8E /* DoggyWidget.swift in Sources */,
				AF844BD02A0E8C9C00E73B8E /* DoggyWidgetBundle.swift in Sources */,
				AF844BDD2A0E8CCB00E73B8E /* DoggyFetcher.swift in Sources */,
			);
			runOnlyForDeploymentPostprocessing = 0;
		};
		AF95083B2A0D37160040A858 /* Sources */ = {
			isa = PBXSourcesBuildPhase;
			buildActionMask = 2147483647;
			files = (
				AFA303B52A11219E0036B2E2 /* BackgroundColor+Extensions.swift in Sources */,
				AF6A81502A0ED6D500EBB886 /* MyTextWidget.intentdefinition in Sources */,
				AFA303AD2A1114C60036B2E2 /* TapMeWidget.intentdefinition in Sources */,
				AF9508452A0D37160040A858 /* ContentView.swift in Sources */,
				AF9508432A0D37160040A858 /* WidgetsExampleApp.swift in Sources */,
				AF707DBC2A0FC1900051C137 /* CryptoPriceWidget.intentdefinition in Sources */,
			);
			runOnlyForDeploymentPostprocessing = 0;
		};
		AF9508502A0D38F80040A858 /* Sources */ = {
			isa = PBXSourcesBuildPhase;
			buildActionMask = 2147483647;
			files = (
				AF95085C2A0D38F80040A858 /* ViewSizeWidgetBundle.swift in Sources */,
				AF95085E2A0D38F80040A858 /* ViewSizeWidget.swift in Sources */,
			);
			runOnlyForDeploymentPostprocessing = 0;
		};
		AFA3039C2A1114C40036B2E2 /* Sources */ = {
			isa = PBXSourcesBuildPhase;
			buildActionMask = 2147483647;
			files = (
				AFA303AC2A1114C60036B2E2 /* TapMeWidget.intentdefinition in Sources */,
				AFA303A52A1114C40036B2E2 /* TapMeWidgetBundle.swift in Sources */,
				AFA303B62A11219E0036B2E2 /* BackgroundColor+Extensions.swift in Sources */,
				AFA303A72A1114C40036B2E2 /* TapMeWidget.swift in Sources */,
			);
			runOnlyForDeploymentPostprocessing = 0;
		};
/* End PBXSourcesBuildPhase section */

/* Begin PBXTargetDependency section */
		AF6A81522A0ED6D500EBB886 /* PBXTargetDependency */ = {
			isa = PBXTargetDependency;
			target = AF6A81422A0ED6D300EBB886 /* MyTextWidgetExtension */;
			targetProxy = AF6A81512A0ED6D500EBB886 /* PBXContainerItemProxy */;
		};
		AF707DBE2A0FC1900051C137 /* PBXTargetDependency */ = {
			isa = PBXTargetDependency;
			target = AF707DAE2A0FC18E0051C137 /* CryptoPriceWidgetExtension */;
			targetProxy = AF707DBD2A0FC1900051C137 /* PBXContainerItemProxy */;
		};
		AF707DCF2A0FC5690051C137 /* PBXTargetDependency */ = {
			isa = PBXTargetDependency;
			target = AF707DC62A0FC5690051C137 /* CryptoPriceIntentExtensions */;
			targetProxy = AF707DCE2A0FC5690051C137 /* PBXContainerItemProxy */;
		};
		AF844BC22A0E7E6800E73B8E /* PBXTargetDependency */ = {
			isa = PBXTargetDependency;
			target = AF844BB52A0E7E6600E73B8E /* CountdownWidgetExtension */;
			targetProxy = AF844BC12A0E7E6800E73B8E /* PBXContainerItemProxy */;
		};
		AF844BD72A0E8C9E00E73B8E /* PBXTargetDependency */ = {
			isa = PBXTargetDependency;
			target = AF844BCA2A0E8C9C00E73B8E /* DoggyWidgetExtension */;
			targetProxy = AF844BD62A0E8C9E00E73B8E /* PBXContainerItemProxy */;
		};
		AF9508632A0D38FA0040A858 /* PBXTargetDependency */ = {
			isa = PBXTargetDependency;
			target = AF9508532A0D38F80040A858 /* ViewSizeWidgetExtension */;
			targetProxy = AF9508622A0D38FA0040A858 /* PBXContainerItemProxy */;
		};
		AFA303AF2A1114C60036B2E2 /* PBXTargetDependency */ = {
			isa = PBXTargetDependency;
			target = AFA3039F2A1114C40036B2E2 /* TapMeWidgetExtension */;
			targetProxy = AFA303AE2A1114C60036B2E2 /* PBXContainerItemProxy */;
		};
/* End PBXTargetDependency section */

/* Begin XCBuildConfiguration section */
		AF6A81542A0ED6D500EBB886 /* Debug */ = {
			isa = XCBuildConfiguration;
			buildSettings = {
				ASSETCATALOG_COMPILER_GLOBAL_ACCENT_COLOR_NAME = AccentColor;
				ASSETCATALOG_COMPILER_WIDGET_BACKGROUND_COLOR_NAME = WidgetBackground;
				CODE_SIGN_STYLE = Automatic;
				CURRENT_PROJECT_VERSION = 1;
				DEVELOPMENT_TEAM = 7B475922E3;
				GENERATE_INFOPLIST_FILE = YES;
				INFOPLIST_FILE = MyTextWidget/Info.plist;
				INFOPLIST_KEY_CFBundleDisplayName = MyTextWidget;
				INFOPLIST_KEY_NSHumanReadableCopyright = "";
				LD_RUNPATH_SEARCH_PATHS = (
					"$(inherited)",
					"@executable_path/Frameworks",
					"@executable_path/../../Frameworks",
				);
				MARKETING_VERSION = 1.0;
				PRODUCT_BUNDLE_IDENTIFIER = com.arturremizov.WidgetsExample.MyTextWidget;
				PRODUCT_NAME = "$(TARGET_NAME)";
				SKIP_INSTALL = YES;
				SWIFT_EMIT_LOC_STRINGS = YES;
				SWIFT_VERSION = 5.0;
				TARGETED_DEVICE_FAMILY = "1,2";
			};
			name = Debug;
		};
		AF6A81552A0ED6D500EBB886 /* Release */ = {
			isa = XCBuildConfiguration;
			buildSettings = {
				ASSETCATALOG_COMPILER_GLOBAL_ACCENT_COLOR_NAME = AccentColor;
				ASSETCATALOG_COMPILER_WIDGET_BACKGROUND_COLOR_NAME = WidgetBackground;
				CODE_SIGN_STYLE = Automatic;
				CURRENT_PROJECT_VERSION = 1;
				DEVELOPMENT_TEAM = 7B475922E3;
				GENERATE_INFOPLIST_FILE = YES;
				INFOPLIST_FILE = MyTextWidget/Info.plist;
				INFOPLIST_KEY_CFBundleDisplayName = MyTextWidget;
				INFOPLIST_KEY_NSHumanReadableCopyright = "";
				LD_RUNPATH_SEARCH_PATHS = (
					"$(inherited)",
					"@executable_path/Frameworks",
					"@executable_path/../../Frameworks",
				);
				MARKETING_VERSION = 1.0;
				PRODUCT_BUNDLE_IDENTIFIER = com.arturremizov.WidgetsExample.MyTextWidget;
				PRODUCT_NAME = "$(TARGET_NAME)";
				SKIP_INSTALL = YES;
				SWIFT_EMIT_LOC_STRINGS = YES;
				SWIFT_VERSION = 5.0;
				TARGETED_DEVICE_FAMILY = "1,2";
			};
			name = Release;
		};
		AF707DC02A0FC1900051C137 /* Debug */ = {
			isa = XCBuildConfiguration;
			buildSettings = {
				ASSETCATALOG_COMPILER_GLOBAL_ACCENT_COLOR_NAME = AccentColor;
				ASSETCATALOG_COMPILER_WIDGET_BACKGROUND_COLOR_NAME = WidgetBackground;
				CODE_SIGN_STYLE = Automatic;
				CURRENT_PROJECT_VERSION = 1;
				DEVELOPMENT_TEAM = 7B475922E3;
				GENERATE_INFOPLIST_FILE = YES;
				INFOPLIST_FILE = CryptoPriceWidget/Info.plist;
				INFOPLIST_KEY_CFBundleDisplayName = CryptoPriceWidget;
				INFOPLIST_KEY_NSHumanReadableCopyright = "";
				LD_RUNPATH_SEARCH_PATHS = (
					"$(inherited)",
					"@executable_path/Frameworks",
					"@executable_path/../../Frameworks",
				);
				MARKETING_VERSION = 1.0;
				PRODUCT_BUNDLE_IDENTIFIER = com.arturremizov.WidgetsExample.CryptoPriceWidget;
				PRODUCT_NAME = "$(TARGET_NAME)";
				SKIP_INSTALL = YES;
				SWIFT_EMIT_LOC_STRINGS = YES;
				SWIFT_VERSION = 5.0;
				TARGETED_DEVICE_FAMILY = "1,2";
			};
			name = Debug;
		};
		AF707DC12A0FC1900051C137 /* Release */ = {
			isa = XCBuildConfiguration;
			buildSettings = {
				ASSETCATALOG_COMPILER_GLOBAL_ACCENT_COLOR_NAME = AccentColor;
				ASSETCATALOG_COMPILER_WIDGET_BACKGROUND_COLOR_NAME = WidgetBackground;
				CODE_SIGN_STYLE = Automatic;
				CURRENT_PROJECT_VERSION = 1;
				DEVELOPMENT_TEAM = 7B475922E3;
				GENERATE_INFOPLIST_FILE = YES;
				INFOPLIST_FILE = CryptoPriceWidget/Info.plist;
				INFOPLIST_KEY_CFBundleDisplayName = CryptoPriceWidget;
				INFOPLIST_KEY_NSHumanReadableCopyright = "";
				LD_RUNPATH_SEARCH_PATHS = (
					"$(inherited)",
					"@executable_path/Frameworks",
					"@executable_path/../../Frameworks",
				);
				MARKETING_VERSION = 1.0;
				PRODUCT_BUNDLE_IDENTIFIER = com.arturremizov.WidgetsExample.CryptoPriceWidget;
				PRODUCT_NAME = "$(TARGET_NAME)";
				SKIP_INSTALL = YES;
				SWIFT_EMIT_LOC_STRINGS = YES;
				SWIFT_VERSION = 5.0;
				TARGETED_DEVICE_FAMILY = "1,2";
			};
			name = Release;
		};
		AF707DD22A0FC56A0051C137 /* Debug */ = {
			isa = XCBuildConfiguration;
			buildSettings = {
				CODE_SIGN_STYLE = Automatic;
				CURRENT_PROJECT_VERSION = 1;
				DEVELOPMENT_TEAM = 7B475922E3;
				GENERATE_INFOPLIST_FILE = YES;
				INFOPLIST_FILE = CryptoPriceIntentExtensions/Info.plist;
				INFOPLIST_KEY_CFBundleDisplayName = CryptoPriceIntentExtensions;
				INFOPLIST_KEY_NSHumanReadableCopyright = "";
				LD_RUNPATH_SEARCH_PATHS = (
					"$(inherited)",
					"@executable_path/Frameworks",
					"@executable_path/../../Frameworks",
				);
				MARKETING_VERSION = 1.0;
				PRODUCT_BUNDLE_IDENTIFIER = com.arturremizov.WidgetsExample.CryptoPriceIntentExtensions;
				PRODUCT_NAME = "$(TARGET_NAME)";
				SKIP_INSTALL = YES;
				SWIFT_EMIT_LOC_STRINGS = YES;
				SWIFT_VERSION = 5.0;
				TARGETED_DEVICE_FAMILY = "1,2";
			};
			name = Debug;
		};
		AF707DD32A0FC56A0051C137 /* Release */ = {
			isa = XCBuildConfiguration;
			buildSettings = {
				CODE_SIGN_STYLE = Automatic;
				CURRENT_PROJECT_VERSION = 1;
				DEVELOPMENT_TEAM = 7B475922E3;
				GENERATE_INFOPLIST_FILE = YES;
				INFOPLIST_FILE = CryptoPriceIntentExtensions/Info.plist;
				INFOPLIST_KEY_CFBundleDisplayName = CryptoPriceIntentExtensions;
				INFOPLIST_KEY_NSHumanReadableCopyright = "";
				LD_RUNPATH_SEARCH_PATHS = (
					"$(inherited)",
					"@executable_path/Frameworks",
					"@executable_path/../../Frameworks",
				);
				MARKETING_VERSION = 1.0;
				PRODUCT_BUNDLE_IDENTIFIER = com.arturremizov.WidgetsExample.CryptoPriceIntentExtensions;
				PRODUCT_NAME = "$(TARGET_NAME)";
				SKIP_INSTALL = YES;
				SWIFT_EMIT_LOC_STRINGS = YES;
				SWIFT_VERSION = 5.0;
				TARGETED_DEVICE_FAMILY = "1,2";
			};
			name = Release;
		};
		AF844BC42A0E7E6800E73B8E /* Debug */ = {
			isa = XCBuildConfiguration;
			buildSettings = {
				ASSETCATALOG_COMPILER_GLOBAL_ACCENT_COLOR_NAME = AccentColor;
				ASSETCATALOG_COMPILER_WIDGET_BACKGROUND_COLOR_NAME = WidgetBackground;
				CODE_SIGN_STYLE = Automatic;
				CURRENT_PROJECT_VERSION = 1;
				DEVELOPMENT_TEAM = 7B475922E3;
				GENERATE_INFOPLIST_FILE = YES;
				INFOPLIST_FILE = CountdownWidget/Info.plist;
				INFOPLIST_KEY_CFBundleDisplayName = CountdownWidget;
				INFOPLIST_KEY_NSHumanReadableCopyright = "";
				LD_RUNPATH_SEARCH_PATHS = (
					"$(inherited)",
					"@executable_path/Frameworks",
					"@executable_path/../../Frameworks",
				);
				MARKETING_VERSION = 1.0;
				PRODUCT_BUNDLE_IDENTIFIER = com.arturremizov.WidgetsExample.CountdownWidget;
				PRODUCT_NAME = "$(TARGET_NAME)";
				SKIP_INSTALL = YES;
				SWIFT_EMIT_LOC_STRINGS = YES;
				SWIFT_VERSION = 5.0;
				TARGETED_DEVICE_FAMILY = "1,2";
			};
			name = Debug;
		};
		AF844BC52A0E7E6800E73B8E /* Release */ = {
			isa = XCBuildConfiguration;
			buildSettings = {
				ASSETCATALOG_COMPILER_GLOBAL_ACCENT_COLOR_NAME = AccentColor;
				ASSETCATALOG_COMPILER_WIDGET_BACKGROUND_COLOR_NAME = WidgetBackground;
				CODE_SIGN_STYLE = Automatic;
				CURRENT_PROJECT_VERSION = 1;
				DEVELOPMENT_TEAM = 7B475922E3;
				GENERATE_INFOPLIST_FILE = YES;
				INFOPLIST_FILE = CountdownWidget/Info.plist;
				INFOPLIST_KEY_CFBundleDisplayName = CountdownWidget;
				INFOPLIST_KEY_NSHumanReadableCopyright = "";
				LD_RUNPATH_SEARCH_PATHS = (
					"$(inherited)",
					"@executable_path/Frameworks",
					"@executable_path/../../Frameworks",
				);
				MARKETING_VERSION = 1.0;
				PRODUCT_BUNDLE_IDENTIFIER = com.arturremizov.WidgetsExample.CountdownWidget;
				PRODUCT_NAME = "$(TARGET_NAME)";
				SKIP_INSTALL = YES;
				SWIFT_EMIT_LOC_STRINGS = YES;
				SWIFT_VERSION = 5.0;
				TARGETED_DEVICE_FAMILY = "1,2";
			};
			name = Release;
		};
		AF844BDA2A0E8C9E00E73B8E /* Debug */ = {
			isa = XCBuildConfiguration;
			buildSettings = {
				ASSETCATALOG_COMPILER_GLOBAL_ACCENT_COLOR_NAME = AccentColor;
				ASSETCATALOG_COMPILER_WIDGET_BACKGROUND_COLOR_NAME = WidgetBackground;
				CODE_SIGN_STYLE = Automatic;
				CURRENT_PROJECT_VERSION = 1;
				DEVELOPMENT_TEAM = 7B475922E3;
				GENERATE_INFOPLIST_FILE = YES;
				INFOPLIST_FILE = DoggyWidget/Info.plist;
				INFOPLIST_KEY_CFBundleDisplayName = DoggyWidget;
				INFOPLIST_KEY_NSHumanReadableCopyright = "";
				LD_RUNPATH_SEARCH_PATHS = (
					"$(inherited)",
					"@executable_path/Frameworks",
					"@executable_path/../../Frameworks",
				);
				MARKETING_VERSION = 1.0;
				PRODUCT_BUNDLE_IDENTIFIER = com.arturremizov.WidgetsExample.DoggyWidget;
				PRODUCT_NAME = "$(TARGET_NAME)";
				SKIP_INSTALL = YES;
				SWIFT_EMIT_LOC_STRINGS = YES;
				SWIFT_VERSION = 5.0;
				TARGETED_DEVICE_FAMILY = "1,2";
			};
			name = Debug;
		};
		AF844BDB2A0E8C9E00E73B8E /* Release */ = {
			isa = XCBuildConfiguration;
			buildSettings = {
				ASSETCATALOG_COMPILER_GLOBAL_ACCENT_COLOR_NAME = AccentColor;
				ASSETCATALOG_COMPILER_WIDGET_BACKGROUND_COLOR_NAME = WidgetBackground;
				CODE_SIGN_STYLE = Automatic;
				CURRENT_PROJECT_VERSION = 1;
				DEVELOPMENT_TEAM = 7B475922E3;
				GENERATE_INFOPLIST_FILE = YES;
				INFOPLIST_FILE = DoggyWidget/Info.plist;
				INFOPLIST_KEY_CFBundleDisplayName = DoggyWidget;
				INFOPLIST_KEY_NSHumanReadableCopyright = "";
				LD_RUNPATH_SEARCH_PATHS = (
					"$(inherited)",
					"@executable_path/Frameworks",
					"@executable_path/../../Frameworks",
				);
				MARKETING_VERSION = 1.0;
				PRODUCT_BUNDLE_IDENTIFIER = com.arturremizov.WidgetsExample.DoggyWidget;
				PRODUCT_NAME = "$(TARGET_NAME)";
				SKIP_INSTALL = YES;
				SWIFT_EMIT_LOC_STRINGS = YES;
				SWIFT_VERSION = 5.0;
				TARGETED_DEVICE_FAMILY = "1,2";
			};
			name = Release;
		};
		AF95084B2A0D37180040A858 /* Debug */ = {
			isa = XCBuildConfiguration;
			buildSettings = {
				ALWAYS_SEARCH_USER_PATHS = NO;
				CLANG_ANALYZER_NONNULL = YES;
				CLANG_ANALYZER_NUMBER_OBJECT_CONVERSION = YES_AGGRESSIVE;
				CLANG_CXX_LANGUAGE_STANDARD = "gnu++20";
				CLANG_ENABLE_MODULES = YES;
				CLANG_ENABLE_OBJC_ARC = YES;
				CLANG_ENABLE_OBJC_WEAK = YES;
				CLANG_WARN_BLOCK_CAPTURE_AUTORELEASING = YES;
				CLANG_WARN_BOOL_CONVERSION = YES;
				CLANG_WARN_COMMA = YES;
				CLANG_WARN_CONSTANT_CONVERSION = YES;
				CLANG_WARN_DEPRECATED_OBJC_IMPLEMENTATIONS = YES;
				CLANG_WARN_DIRECT_OBJC_ISA_USAGE = YES_ERROR;
				CLANG_WARN_DOCUMENTATION_COMMENTS = YES;
				CLANG_WARN_EMPTY_BODY = YES;
				CLANG_WARN_ENUM_CONVERSION = YES;
				CLANG_WARN_INFINITE_RECURSION = YES;
				CLANG_WARN_INT_CONVERSION = YES;
				CLANG_WARN_NON_LITERAL_NULL_CONVERSION = YES;
				CLANG_WARN_OBJC_IMPLICIT_RETAIN_SELF = YES;
				CLANG_WARN_OBJC_LITERAL_CONVERSION = YES;
				CLANG_WARN_OBJC_ROOT_CLASS = YES_ERROR;
				CLANG_WARN_QUOTED_INCLUDE_IN_FRAMEWORK_HEADER = YES;
				CLANG_WARN_RANGE_LOOP_ANALYSIS = YES;
				CLANG_WARN_STRICT_PROTOTYPES = YES;
				CLANG_WARN_SUSPICIOUS_MOVE = YES;
				CLANG_WARN_UNGUARDED_AVAILABILITY = YES_AGGRESSIVE;
				CLANG_WARN_UNREACHABLE_CODE = YES;
				CLANG_WARN__DUPLICATE_METHOD_MATCH = YES;
				COPY_PHASE_STRIP = NO;
				DEBUG_INFORMATION_FORMAT = dwarf;
				ENABLE_STRICT_OBJC_MSGSEND = YES;
				ENABLE_TESTABILITY = YES;
				GCC_C_LANGUAGE_STANDARD = gnu11;
				GCC_DYNAMIC_NO_PIC = NO;
				GCC_NO_COMMON_BLOCKS = YES;
				GCC_OPTIMIZATION_LEVEL = 0;
				GCC_PREPROCESSOR_DEFINITIONS = (
					"DEBUG=1",
					"$(inherited)",
				);
				GCC_WARN_64_TO_32_BIT_CONVERSION = YES;
				GCC_WARN_ABOUT_RETURN_TYPE = YES_ERROR;
				GCC_WARN_UNDECLARED_SELECTOR = YES;
				GCC_WARN_UNINITIALIZED_AUTOS = YES_AGGRESSIVE;
				GCC_WARN_UNUSED_FUNCTION = YES;
				GCC_WARN_UNUSED_VARIABLE = YES;
				IPHONEOS_DEPLOYMENT_TARGET = 16.4;
				MTL_ENABLE_DEBUG_INFO = INCLUDE_SOURCE;
				MTL_FAST_MATH = YES;
				ONLY_ACTIVE_ARCH = YES;
				SDKROOT = iphoneos;
				SWIFT_ACTIVE_COMPILATION_CONDITIONS = DEBUG;
				SWIFT_OPTIMIZATION_LEVEL = "-Onone";
			};
			name = Debug;
		};
		AF95084C2A0D37180040A858 /* Release */ = {
			isa = XCBuildConfiguration;
			buildSettings = {
				ALWAYS_SEARCH_USER_PATHS = NO;
				CLANG_ANALYZER_NONNULL = YES;
				CLANG_ANALYZER_NUMBER_OBJECT_CONVERSION = YES_AGGRESSIVE;
				CLANG_CXX_LANGUAGE_STANDARD = "gnu++20";
				CLANG_ENABLE_MODULES = YES;
				CLANG_ENABLE_OBJC_ARC = YES;
				CLANG_ENABLE_OBJC_WEAK = YES;
				CLANG_WARN_BLOCK_CAPTURE_AUTORELEASING = YES;
				CLANG_WARN_BOOL_CONVERSION = YES;
				CLANG_WARN_COMMA = YES;
				CLANG_WARN_CONSTANT_CONVERSION = YES;
				CLANG_WARN_DEPRECATED_OBJC_IMPLEMENTATIONS = YES;
				CLANG_WARN_DIRECT_OBJC_ISA_USAGE = YES_ERROR;
				CLANG_WARN_DOCUMENTATION_COMMENTS = YES;
				CLANG_WARN_EMPTY_BODY = YES;
				CLANG_WARN_ENUM_CONVERSION = YES;
				CLANG_WARN_INFINITE_RECURSION = YES;
				CLANG_WARN_INT_CONVERSION = YES;
				CLANG_WARN_NON_LITERAL_NULL_CONVERSION = YES;
				CLANG_WARN_OBJC_IMPLICIT_RETAIN_SELF = YES;
				CLANG_WARN_OBJC_LITERAL_CONVERSION = YES;
				CLANG_WARN_OBJC_ROOT_CLASS = YES_ERROR;
				CLANG_WARN_QUOTED_INCLUDE_IN_FRAMEWORK_HEADER = YES;
				CLANG_WARN_RANGE_LOOP_ANALYSIS = YES;
				CLANG_WARN_STRICT_PROTOTYPES = YES;
				CLANG_WARN_SUSPICIOUS_MOVE = YES;
				CLANG_WARN_UNGUARDED_AVAILABILITY = YES_AGGRESSIVE;
				CLANG_WARN_UNREACHABLE_CODE = YES;
				CLANG_WARN__DUPLICATE_METHOD_MATCH = YES;
				COPY_PHASE_STRIP = NO;
				DEBUG_INFORMATION_FORMAT = "dwarf-with-dsym";
				ENABLE_NS_ASSERTIONS = NO;
				ENABLE_STRICT_OBJC_MSGSEND = YES;
				GCC_C_LANGUAGE_STANDARD = gnu11;
				GCC_NO_COMMON_BLOCKS = YES;
				GCC_WARN_64_TO_32_BIT_CONVERSION = YES;
				GCC_WARN_ABOUT_RETURN_TYPE = YES_ERROR;
				GCC_WARN_UNDECLARED_SELECTOR = YES;
				GCC_WARN_UNINITIALIZED_AUTOS = YES_AGGRESSIVE;
				GCC_WARN_UNUSED_FUNCTION = YES;
				GCC_WARN_UNUSED_VARIABLE = YES;
				IPHONEOS_DEPLOYMENT_TARGET = 16.4;
				MTL_ENABLE_DEBUG_INFO = NO;
				MTL_FAST_MATH = YES;
				SDKROOT = iphoneos;
				SWIFT_COMPILATION_MODE = wholemodule;
				SWIFT_OPTIMIZATION_LEVEL = "-O";
				VALIDATE_PRODUCT = YES;
			};
			name = Release;
		};
		AF95084E2A0D37180040A858 /* Debug */ = {
			isa = XCBuildConfiguration;
			buildSettings = {
				ALWAYS_EMBED_SWIFT_STANDARD_LIBRARIES = YES;
				ASSETCATALOG_COMPILER_APPICON_NAME = AppIcon;
				ASSETCATALOG_COMPILER_GLOBAL_ACCENT_COLOR_NAME = AccentColor;
				CODE_SIGN_STYLE = Automatic;
				CURRENT_PROJECT_VERSION = 1;
				DEVELOPMENT_ASSET_PATHS = "\"WidgetsExample/Preview Content\"";
				DEVELOPMENT_TEAM = 7B475922E3;
				ENABLE_PREVIEWS = YES;
				GENERATE_INFOPLIST_FILE = YES;
				INFOPLIST_FILE = WidgetsExample/Info.plist;
				INFOPLIST_KEY_UIApplicationSceneManifest_Generation = YES;
				INFOPLIST_KEY_UIApplicationSupportsIndirectInputEvents = YES;
				INFOPLIST_KEY_UILaunchScreen_Generation = YES;
				INFOPLIST_KEY_UISupportedInterfaceOrientations_iPad = "UIInterfaceOrientationPortrait UIInterfaceOrientationPortraitUpsideDown UIInterfaceOrientationLandscapeLeft UIInterfaceOrientationLandscapeRight";
				INFOPLIST_KEY_UISupportedInterfaceOrientations_iPhone = "UIInterfaceOrientationPortrait UIInterfaceOrientationLandscapeLeft UIInterfaceOrientationLandscapeRight";
				LD_RUNPATH_SEARCH_PATHS = (
					"$(inherited)",
					"@executable_path/Frameworks",
				);
				MARKETING_VERSION = 1.0;
				PRODUCT_BUNDLE_IDENTIFIER = com.arturremizov.WidgetsExample;
				PRODUCT_NAME = "$(TARGET_NAME)";
				SWIFT_EMIT_LOC_STRINGS = YES;
				SWIFT_VERSION = 5.0;
				TARGETED_DEVICE_FAMILY = "1,2";
			};
			name = Debug;
		};
		AF95084F2A0D37180040A858 /* Release */ = {
			isa = XCBuildConfiguration;
			buildSettings = {
				ALWAYS_EMBED_SWIFT_STANDARD_LIBRARIES = YES;
				ASSETCATALOG_COMPILER_APPICON_NAME = AppIcon;
				ASSETCATALOG_COMPILER_GLOBAL_ACCENT_COLOR_NAME = AccentColor;
				CODE_SIGN_STYLE = Automatic;
				CURRENT_PROJECT_VERSION = 1;
				DEVELOPMENT_ASSET_PATHS = "\"WidgetsExample/Preview Content\"";
				DEVELOPMENT_TEAM = 7B475922E3;
				ENABLE_PREVIEWS = YES;
				GENERATE_INFOPLIST_FILE = YES;
				INFOPLIST_FILE = WidgetsExample/Info.plist;
				INFOPLIST_KEY_UIApplicationSceneManifest_Generation = YES;
				INFOPLIST_KEY_UIApplicationSupportsIndirectInputEvents = YES;
				INFOPLIST_KEY_UILaunchScreen_Generation = YES;
				INFOPLIST_KEY_UISupportedInterfaceOrientations_iPad = "UIInterfaceOrientationPortrait UIInterfaceOrientationPortraitUpsideDown UIInterfaceOrientationLandscapeLeft UIInterfaceOrientationLandscapeRight";
				INFOPLIST_KEY_UISupportedInterfaceOrientations_iPhone = "UIInterfaceOrientationPortrait UIInterfaceOrientationLandscapeLeft UIInterfaceOrientationLandscapeRight";
				LD_RUNPATH_SEARCH_PATHS = (
					"$(inherited)",
					"@executable_path/Frameworks",
				);
				MARKETING_VERSION = 1.0;
				PRODUCT_BUNDLE_IDENTIFIER = com.arturremizov.WidgetsExample;
				PRODUCT_NAME = "$(TARGET_NAME)";
				SWIFT_EMIT_LOC_STRINGS = YES;
				SWIFT_VERSION = 5.0;
				TARGETED_DEVICE_FAMILY = "1,2";
			};
			name = Release;
		};
		AF9508662A0D38FA0040A858 /* Debug */ = {
			isa = XCBuildConfiguration;
			buildSettings = {
				ASSETCATALOG_COMPILER_GLOBAL_ACCENT_COLOR_NAME = AccentColor;
				ASSETCATALOG_COMPILER_WIDGET_BACKGROUND_COLOR_NAME = WidgetBackground;
				CODE_SIGN_STYLE = Automatic;
				CURRENT_PROJECT_VERSION = 1;
				DEVELOPMENT_TEAM = 7B475922E3;
				GENERATE_INFOPLIST_FILE = YES;
				INFOPLIST_FILE = ViewSizeWidget/Info.plist;
				INFOPLIST_KEY_CFBundleDisplayName = ViewSizeWidget;
				INFOPLIST_KEY_NSHumanReadableCopyright = "";
				IPHONEOS_DEPLOYMENT_TARGET = 16.0;
				LD_RUNPATH_SEARCH_PATHS = (
					"$(inherited)",
					"@executable_path/Frameworks",
					"@executable_path/../../Frameworks",
				);
				MARKETING_VERSION = 1.0;
				PRODUCT_BUNDLE_IDENTIFIER = com.arturremizov.WidgetsExample.ViewSizeWidget;
				PRODUCT_NAME = "$(TARGET_NAME)";
				SKIP_INSTALL = YES;
				SWIFT_EMIT_LOC_STRINGS = YES;
				SWIFT_VERSION = 5.0;
				TARGETED_DEVICE_FAMILY = "1,2";
			};
			name = Debug;
		};
		AF9508672A0D38FA0040A858 /* Release */ = {
			isa = XCBuildConfiguration;
			buildSettings = {
				ASSETCATALOG_COMPILER_GLOBAL_ACCENT_COLOR_NAME = AccentColor;
				ASSETCATALOG_COMPILER_WIDGET_BACKGROUND_COLOR_NAME = WidgetBackground;
				CODE_SIGN_STYLE = Automatic;
				CURRENT_PROJECT_VERSION = 1;
				DEVELOPMENT_TEAM = 7B475922E3;
				GENERATE_INFOPLIST_FILE = YES;
				INFOPLIST_FILE = ViewSizeWidget/Info.plist;
				INFOPLIST_KEY_CFBundleDisplayName = ViewSizeWidget;
				INFOPLIST_KEY_NSHumanReadableCopyright = "";
				IPHONEOS_DEPLOYMENT_TARGET = 16.0;
				LD_RUNPATH_SEARCH_PATHS = (
					"$(inherited)",
					"@executable_path/Frameworks",
					"@executable_path/../../Frameworks",
				);
				MARKETING_VERSION = 1.0;
				PRODUCT_BUNDLE_IDENTIFIER = com.arturremizov.WidgetsExample.ViewSizeWidget;
				PRODUCT_NAME = "$(TARGET_NAME)";
				SKIP_INSTALL = YES;
				SWIFT_EMIT_LOC_STRINGS = YES;
				SWIFT_VERSION = 5.0;
				TARGETED_DEVICE_FAMILY = "1,2";
			};
			name = Release;
		};
		AFA303B12A1114C60036B2E2 /* Debug */ = {
			isa = XCBuildConfiguration;
			buildSettings = {
				ASSETCATALOG_COMPILER_GLOBAL_ACCENT_COLOR_NAME = AccentColor;
				ASSETCATALOG_COMPILER_WIDGET_BACKGROUND_COLOR_NAME = WidgetBackground;
				CODE_SIGN_STYLE = Automatic;
				CURRENT_PROJECT_VERSION = 1;
				DEVELOPMENT_TEAM = 7B475922E3;
				GENERATE_INFOPLIST_FILE = YES;
				INFOPLIST_FILE = TapMeWidget/Info.plist;
				INFOPLIST_KEY_CFBundleDisplayName = TapMeWidget;
				INFOPLIST_KEY_NSHumanReadableCopyright = "";
				LD_RUNPATH_SEARCH_PATHS = (
					"$(inherited)",
					"@executable_path/Frameworks",
					"@executable_path/../../Frameworks",
				);
				MARKETING_VERSION = 1.0;
				PRODUCT_BUNDLE_IDENTIFIER = com.arturremizov.WidgetsExample.TapMeWidget;
				PRODUCT_NAME = "$(TARGET_NAME)";
				SKIP_INSTALL = YES;
				SWIFT_EMIT_LOC_STRINGS = YES;
				SWIFT_VERSION = 5.0;
				TARGETED_DEVICE_FAMILY = "1,2";
			};
			name = Debug;
		};
		AFA303B22A1114C60036B2E2 /* Release */ = {
			isa = XCBuildConfiguration;
			buildSettings = {
				ASSETCATALOG_COMPILER_GLOBAL_ACCENT_COLOR_NAME = AccentColor;
				ASSETCATALOG_COMPILER_WIDGET_BACKGROUND_COLOR_NAME = WidgetBackground;
				CODE_SIGN_STYLE = Automatic;
				CURRENT_PROJECT_VERSION = 1;
				DEVELOPMENT_TEAM = 7B475922E3;
				GENERATE_INFOPLIST_FILE = YES;
				INFOPLIST_FILE = TapMeWidget/Info.plist;
				INFOPLIST_KEY_CFBundleDisplayName = TapMeWidget;
				INFOPLIST_KEY_NSHumanReadableCopyright = "";
				LD_RUNPATH_SEARCH_PATHS = (
					"$(inherited)",
					"@executable_path/Frameworks",
					"@executable_path/../../Frameworks",
				);
				MARKETING_VERSION = 1.0;
				PRODUCT_BUNDLE_IDENTIFIER = com.arturremizov.WidgetsExample.TapMeWidget;
				PRODUCT_NAME = "$(TARGET_NAME)";
				SKIP_INSTALL = YES;
				SWIFT_EMIT_LOC_STRINGS = YES;
				SWIFT_VERSION = 5.0;
				TARGETED_DEVICE_FAMILY = "1,2";
			};
			name = Release;
		};
/* End XCBuildConfiguration section */

/* Begin XCConfigurationList section */
		AF6A81562A0ED6D500EBB886 /* Build configuration list for PBXNativeTarget "MyTextWidgetExtension" */ = {
			isa = XCConfigurationList;
			buildConfigurations = (
				AF6A81542A0ED6D500EBB886 /* Debug */,
				AF6A81552A0ED6D500EBB886 /* Release */,
			);
			defaultConfigurationIsVisible = 0;
			defaultConfigurationName = Release;
		};
		AF707DC22A0FC1900051C137 /* Build configuration list for PBXNativeTarget "CryptoPriceWidgetExtension" */ = {
			isa = XCConfigurationList;
			buildConfigurations = (
				AF707DC02A0FC1900051C137 /* Debug */,
				AF707DC12A0FC1900051C137 /* Release */,
			);
			defaultConfigurationIsVisible = 0;
			defaultConfigurationName = Release;
		};
		AF707DD12A0FC56A0051C137 /* Build configuration list for PBXNativeTarget "CryptoPriceIntentExtensions" */ = {
			isa = XCConfigurationList;
			buildConfigurations = (
				AF707DD22A0FC56A0051C137 /* Debug */,
				AF707DD32A0FC56A0051C137 /* Release */,
			);
			defaultConfigurationIsVisible = 0;
			defaultConfigurationName = Release;
		};
		AF844BC62A0E7E6800E73B8E /* Build configuration list for PBXNativeTarget "CountdownWidgetExtension" */ = {
			isa = XCConfigurationList;
			buildConfigurations = (
				AF844BC42A0E7E6800E73B8E /* Debug */,
				AF844BC52A0E7E6800E73B8E /* Release */,
			);
			defaultConfigurationIsVisible = 0;
			defaultConfigurationName = Release;
		};
		AF844BD92A0E8C9E00E73B8E /* Build configuration list for PBXNativeTarget "DoggyWidgetExtension" */ = {
			isa = XCConfigurationList;
			buildConfigurations = (
				AF844BDA2A0E8C9E00E73B8E /* Debug */,
				AF844BDB2A0E8C9E00E73B8E /* Release */,
			);
			defaultConfigurationIsVisible = 0;
			defaultConfigurationName = Release;
		};
		AF95083A2A0D37160040A858 /* Build configuration list for PBXProject "WidgetsExample" */ = {
			isa = XCConfigurationList;
			buildConfigurations = (
				AF95084B2A0D37180040A858 /* Debug */,
				AF95084C2A0D37180040A858 /* Release */,
			);
			defaultConfigurationIsVisible = 0;
			defaultConfigurationName = Release;
		};
		AF95084D2A0D37180040A858 /* Build configuration list for PBXNativeTarget "WidgetsExample" */ = {
			isa = XCConfigurationList;
			buildConfigurations = (
				AF95084E2A0D37180040A858 /* Debug */,
				AF95084F2A0D37180040A858 /* Release */,
			);
			defaultConfigurationIsVisible = 0;
			defaultConfigurationName = Release;
		};
		AF9508652A0D38FA0040A858 /* Build configuration list for PBXNativeTarget "ViewSizeWidgetExtension" */ = {
			isa = XCConfigurationList;
			buildConfigurations = (
				AF9508662A0D38FA0040A858 /* Debug */,
				AF9508672A0D38FA0040A858 /* Release */,
			);
			defaultConfigurationIsVisible = 0;
			defaultConfigurationName = Release;
		};
		AFA303B32A1114C60036B2E2 /* Build configuration list for PBXNativeTarget "TapMeWidgetExtension" */ = {
			isa = XCConfigurationList;
			buildConfigurations = (
				AFA303B12A1114C60036B2E2 /* Debug */,
				AFA303B22A1114C60036B2E2 /* Release */,
			);
			defaultConfigurationIsVisible = 0;
			defaultConfigurationName = Release;
		};
/* End XCConfigurationList section */
	};
	rootObject = AF9508372A0D37160040A858 /* Project object */;
}
