// !$*UTF8*$!
{
	archiveVersion = 1;
	classes = {
	};
	objectVersion = 56;
	objects = {

/* Begin PBXBuildFile section */
		AF01A08F2B7EA6D500864351 /* HeaderView.swift in Sources */ = {isa = PBXBuildFile; fileRef = AF01A08E2B7EA6D500864351 /* HeaderView.swift */; };
		AF01A0912B7EA79000864351 /* SpacerView.swift in Sources */ = {isa = PBXBuildFile; fileRef = AF01A0902B7EA79000864351 /* SpacerView.swift */; };
		AF9B2C912B7E764600B9FD90 /* AppDelegate.swift in Sources */ = {isa = PBXBuildFile; fileRef = AF9B2C902B7E764600B9FD90 /* AppDelegate.swift */; };
		AF9B2C932B7E764600B9FD90 /* SceneDelegate.swift in Sources */ = {isa = PBXBuildFile; fileRef = AF9B2C922B7E764600B9FD90 /* SceneDelegate.swift */; };
		AF9B2C952B7E764600B9FD90 /* ViewController.swift in Sources */ = {isa = PBXBuildFile; fileRef = AF9B2C942B7E764600B9FD90 /* ViewController.swift */; };
		AF9B2C9A2B7E764900B9FD90 /* Assets.xcassets in Resources */ = {isa = PBXBuildFile; fileRef = AF9B2C992B7E764900B9FD90 /* Assets.xcassets */; };
		AF9B2C9D2B7E764900B9FD90 /* LaunchScreen.storyboard in Resources */ = {isa = PBXBuildFile; fileRef = AF9B2C9B2B7E764900B9FD90 /* LaunchScreen.storyboard */; };
		AF9B2CA62B7E76C600B9FD90 /* ColorRepository.swift in Sources */ = {isa = PBXBuildFile; fileRef = AF9B2CA52B7E76C600B9FD90 /* ColorRepository.swift */; };
		AF9B2CA82B7E777F00B9FD90 /* GridCompositionalLayout.swift in Sources */ = {isa = PBXBuildFile; fileRef = AF9B2CA72B7E777F00B9FD90 /* GridCompositionalLayout.swift */; };
/* End PBXBuildFile section */

/* Begin PBXFileReference section */
		AF01A08E2B7EA6D500864351 /* HeaderView.swift */ = {isa = PBXFileReference; lastKnownFileType = sourcecode.swift; path = HeaderView.swift; sourceTree = "<group>"; };
		AF01A0902B7EA79000864351 /* SpacerView.swift */ = {isa = PBXFileReference; lastKnownFileType = sourcecode.swift; path = SpacerView.swift; sourceTree = "<group>"; };
		AF9B2C8D2B7E764600B9FD90 /* UICollectionViewCompositionalLayout.app */ = {isa = PBXFileReference; explicitFileType = wrapper.application; includeInIndex = 0; path = UICollectionViewCompositionalLayout.app; sourceTree = BUILT_PRODUCTS_DIR; };
		AF9B2C902B7E764600B9FD90 /* AppDelegate.swift */ = {isa = PBXFileReference; lastKnownFileType = sourcecode.swift; path = AppDelegate.swift; sourceTree = "<group>"; };
		AF9B2C922B7E764600B9FD90 /* SceneDelegate.swift */ = {isa = PBXFileReference; lastKnownFileType = sourcecode.swift; path = SceneDelegate.swift; sourceTree = "<group>"; };
		AF9B2C942B7E764600B9FD90 /* ViewController.swift */ = {isa = PBXFileReference; lastKnownFileType = sourcecode.swift; path = ViewController.swift; sourceTree = "<group>"; };
		AF9B2C992B7E764900B9FD90 /* Assets.xcassets */ = {isa = PBXFileReference; lastKnownFileType = folder.assetcatalog; path = Assets.xcassets; sourceTree = "<group>"; };
		AF9B2C9C2B7E764900B9FD90 /* Base */ = {isa = PBXFileReference; lastKnownFileType = file.storyboard; name = Base; path = Base.lproj/LaunchScreen.storyboard; sourceTree = "<group>"; };
		AF9B2C9E2B7E764900B9FD90 /* Info.plist */ = {isa = PBXFileReference; lastKnownFileType = text.plist.xml; path = Info.plist; sourceTree = "<group>"; };
		AF9B2CA52B7E76C600B9FD90 /* ColorRepository.swift */ = {isa = PBXFileReference; lastKnownFileType = sourcecode.swift; path = ColorRepository.swift; sourceTree = "<group>"; };
		AF9B2CA72B7E777F00B9FD90 /* GridCompositionalLayout.swift */ = {isa = PBXFileReference; lastKnownFileType = sourcecode.swift; path = GridCompositionalLayout.swift; sourceTree = "<group>"; };
/* End PBXFileReference section */

/* Begin PBXFrameworksBuildPhase section */
		AF9B2C8A2B7E764600B9FD90 /* Frameworks */ = {
			isa = PBXFrameworksBuildPhase;
			buildActionMask = 2147483647;
			files = (
			);
			runOnlyForDeploymentPostprocessing = 0;
		};
/* End PBXFrameworksBuildPhase section */

/* Begin PBXGroup section */
		AF01A0922B7EA7A500864351 /* Supplementary Views */ = {
			isa = PBXGroup;
			children = (
				AF01A08E2B7EA6D500864351 /* HeaderView.swift */,
				AF01A0902B7EA79000864351 /* SpacerView.swift */,
			);
			path = "Supplementary Views";
			sourceTree = "<group>";
		};
		AF9B2C842B7E764600B9FD90 = {
			isa = PBXGroup;
			children = (
				AF9B2C8F2B7E764600B9FD90 /* UICollectionViewCompositionalLayout */,
				AF9B2C8E2B7E764600B9FD90 /* Products */,
			);
			sourceTree = "<group>";
		};
		AF9B2C8E2B7E764600B9FD90 /* Products */ = {
			isa = PBXGroup;
			children = (
				AF9B2C8D2B7E764600B9FD90 /* UICollectionViewCompositionalLayout.app */,
			);
			name = Products;
			sourceTree = "<group>";
		};
		AF9B2C8F2B7E764600B9FD90 /* UICollectionViewCompositionalLayout */ = {
			isa = PBXGroup;
			children = (
				AF9B2CA42B7E76B300B9FD90 /* Application */,
				AF9B2CA52B7E76C600B9FD90 /* ColorRepository.swift */,
				AF9B2CA72B7E777F00B9FD90 /* GridCompositionalLayout.swift */,
				AF01A0922B7EA7A500864351 /* Supplementary Views */,
				AF9B2C942B7E764600B9FD90 /* ViewController.swift */,
				AF9B2C992B7E764900B9FD90 /* Assets.xcassets */,
				AF9B2C9B2B7E764900B9FD90 /* LaunchScreen.storyboard */,
				AF9B2C9E2B7E764900B9FD90 /* Info.plist */,
			);
			path = UICollectionViewCompositionalLayout;
			sourceTree = "<group>";
		};
		AF9B2CA42B7E76B300B9FD90 /* Application */ = {
			isa = PBXGroup;
			children = (
				AF9B2C902B7E764600B9FD90 /* AppDelegate.swift */,
				AF9B2C922B7E764600B9FD90 /* SceneDelegate.swift */,
			);
			path = Application;
			sourceTree = "<group>";
		};
/* End PBXGroup section */

/* Begin PBXNativeTarget section */
		AF9B2C8C2B7E764600B9FD90 /* UICollectionViewCompositionalLayout */ = {
			isa = PBXNativeTarget;
			buildConfigurationList = AF9B2CA12B7E764900B9FD90 /* Build configuration list for PBXNativeTarget "UICollectionViewCompositionalLayout" */;
			buildPhases = (
				AF9B2C892B7E764600B9FD90 /* Sources */,
				AF9B2C8A2B7E764600B9FD90 /* Frameworks */,
				AF9B2C8B2B7E764600B9FD90 /* Resources */,
			);
			buildRules = (
			);
			dependencies = (
			);
			name = UICollectionViewCompositionalLayout;
			productName = UICollectionViewCompositionalLayout;
			productReference = AF9B2C8D2B7E764600B9FD90 /* UICollectionViewCompositionalLayout.app */;
			productType = "com.apple.product-type.application";
		};
/* End PBXNativeTarget section */

/* Begin PBXProject section */
		AF9B2C852B7E764600B9FD90 /* Project object */ = {
			isa = PBXProject;
			attributes = {
				BuildIndependentTargetsInParallel = 1;
				LastSwiftUpdateCheck = 1520;
				LastUpgradeCheck = 1520;
				TargetAttributes = {
					AF9B2C8C2B7E764600B9FD90 = {
						CreatedOnToolsVersion = 15.2;
					};
				};
			};
			buildConfigurationList = AF9B2C882B7E764600B9FD90 /* Build configuration list for PBXProject "UICollectionViewCompositionalLayout" */;
			compatibilityVersion = "Xcode 14.0";
			developmentRegion = en;
			hasScannedForEncodings = 0;
			knownRegions = (
				en,
				Base,
			);
			mainGroup = AF9B2C842B7E764600B9FD90;
			productRefGroup = AF9B2C8E2B7E764600B9FD90 /* Products */;
			projectDirPath = "";
			projectRoot = "";
			targets = (
				AF9B2C8C2B7E764600B9FD90 /* UICollectionViewCompositionalLayout */,
			);
		};
/* End PBXProject section */

/* Begin PBXResourcesBuildPhase section */
		AF9B2C8B2B7E764600B9FD90 /* Resources */ = {
			isa = PBXResourcesBuildPhase;
			buildActionMask = 2147483647;
			files = (
				AF9B2C9D2B7E764900B9FD90 /* LaunchScreen.storyboard in Resources */,
				AF9B2C9A2B7E764900B9FD90 /* Assets.xcassets in Resources */,
			);
			runOnlyForDeploymentPostprocessing = 0;
		};
/* End PBXResourcesBuildPhase section */

/* Begin PBXSourcesBuildPhase section */
		AF9B2C892B7E764600B9FD90 /* Sources */ = {
			isa = PBXSourcesBuildPhase;
			buildActionMask = 2147483647;
			files = (
				AF01A0912B7EA79000864351 /* SpacerView.swift in Sources */,
				AF9B2C952B7E764600B9FD90 /* ViewController.swift in Sources */,
				AF01A08F2B7EA6D500864351 /* HeaderView.swift in Sources */,
				AF9B2CA82B7E777F00B9FD90 /* GridCompositionalLayout.swift in Sources */,
				AF9B2C912B7E764600B9FD90 /* AppDelegate.swift in Sources */,
				AF9B2C932B7E764600B9FD90 /* SceneDelegate.swift in Sources */,
				AF9B2CA62B7E76C600B9FD90 /* ColorRepository.swift in Sources */,
			);
			runOnlyForDeploymentPostprocessing = 0;
		};
/* End PBXSourcesBuildPhase section */

/* Begin PBXVariantGroup section */
		AF9B2C9B2B7E764900B9FD90 /* LaunchScreen.storyboard */ = {
			isa = PBXVariantGroup;
			children = (
				AF9B2C9C2B7E764900B9FD90 /* Base */,
			);
			name = LaunchScreen.storyboard;
			sourceTree = "<group>";
		};
/* End PBXVariantGroup section */

/* Begin XCBuildConfiguration section */
		AF9B2C9F2B7E764900B9FD90 /* Debug */ = {
			isa = XCBuildConfiguration;
			buildSettings = {
				ALWAYS_SEARCH_USER_PATHS = NO;
				ASSETCATALOG_COMPILER_GENERATE_SWIFT_ASSET_SYMBOL_EXTENSIONS = YES;
				CLANG_ANALYZER_NONNULL = YES;
				CLANG_ANALYZER_NUMBER_OBJECT_CONVERSION = YES_AGGRESSIVE;
				CLANG_CXX_LANGUAGE_STANDARD = "gnu++20";
				CLANG_ENABLE_MODULES = YES;
				CLANG_ENABLE_OBJC_ARC = YES;
				CLANG_ENABLE_OBJC_WEAK = YES;
				CLANG_WARN_BLOCK_CAPTURE_AUTORELEASING = YES;
				CLANG_WARN_BOOL_CONVERSION = YES;
				CLANG_WARN_COMMA = YES;
				CLANG_WARN_CONSTANT_CONVERSION = YES;
				CLANG_WARN_DEPRECATED_OBJC_IMPLEMENTATIONS = YES;
				CLANG_WARN_DIRECT_OBJC_ISA_USAGE = YES_ERROR;
				CLANG_WARN_DOCUMENTATION_COMMENTS = YES;
				CLANG_WARN_EMPTY_BODY = YES;
				CLANG_WARN_ENUM_CONVERSION = YES;
				CLANG_WARN_INFINITE_RECURSION = YES;
				CLANG_WARN_INT_CONVERSION = YES;
				CLANG_WARN_NON_LITERAL_NULL_CONVERSION = YES;
				CLANG_WARN_OBJC_IMPLICIT_RETAIN_SELF = YES;
				CLANG_WARN_OBJC_LITERAL_CONVERSION = YES;
				CLANG_WARN_OBJC_ROOT_CLASS = YES_ERROR;
				CLANG_WARN_QUOTED_INCLUDE_IN_FRAMEWORK_HEADER = YES;
				CLANG_WARN_RANGE_LOOP_ANALYSIS = YES;
				CLANG_WARN_STRICT_PROTOTYPES = YES;
				CLANG_WARN_SUSPICIOUS_MOVE = YES;
				CLANG_WARN_UNGUARDED_AVAILABILITY = YES_AGGRESSIVE;
				CLANG_WARN_UNREACHABLE_CODE = YES;
				CLANG_WARN__DUPLICATE_METHOD_MATCH = YES;
				COPY_PHASE_STRIP = NO;
				DEBUG_INFORMATION_FORMAT = dwarf;
				ENABLE_STRICT_OBJC_MSGSEND = YES;
				ENABLE_TESTABILITY = YES;
				ENABLE_USER_SCRIPT_SANDBOXING = YES;
				GCC_C_LANGUAGE_STANDARD = gnu17;
				GCC_DYNAMIC_NO_PIC = NO;
				GCC_NO_COMMON_BLOCKS = YES;
				GCC_OPTIMIZATION_LEVEL = 0;
				GCC_PREPROCESSOR_DEFINITIONS = (
					"DEBUG=1",
					"$(inherited)",
				);
				GCC_WARN_64_TO_32_BIT_CONVERSION = YES;
				GCC_WARN_ABOUT_RETURN_TYPE = YES_ERROR;
				GCC_WARN_UNDECLARED_SELECTOR = YES;
				GCC_WARN_UNINITIALIZED_AUTOS = YES_AGGRESSIVE;
				GCC_WARN_UNUSED_FUNCTION = YES;
				GCC_WARN_UNUSED_VARIABLE = YES;
				IPHONEOS_DEPLOYMENT_TARGET = 17.2;
				LOCALIZATION_PREFERS_STRING_CATALOGS = YES;
				MTL_ENABLE_DEBUG_INFO = INCLUDE_SOURCE;
				MTL_FAST_MATH = YES;
				ONLY_ACTIVE_ARCH = YES;
				SDKROOT = iphoneos;
				SWIFT_ACTIVE_COMPILATION_CONDITIONS = "DEBUG $(inherited)";
				SWIFT_OPTIMIZATION_LEVEL = "-Onone";
			};
			name = Debug;
		};
		AF9B2CA02B7E764900B9FD90 /* Release */ = {
			isa = XCBuildConfiguration;
			buildSettings = {
				ALWAYS_SEARCH_USER_PATHS = NO;
				ASSETCATALOG_COMPILER_GENERATE_SWIFT_ASSET_SYMBOL_EXTENSIONS = YES;
				CLANG_ANALYZER_NONNULL = YES;
				CLANG_ANALYZER_NUMBER_OBJECT_CONVERSION = YES_AGGRESSIVE;
				CLANG_CXX_LANGUAGE_STANDARD = "gnu++20";
				CLANG_ENABLE_MODULES = YES;
				CLANG_ENABLE_OBJC_ARC = YES;
				CLANG_ENABLE_OBJC_WEAK = YES;
				CLANG_WARN_BLOCK_CAPTURE_AUTORELEASING = YES;
				CLANG_WARN_BOOL_CONVERSION = YES;
				CLANG_WARN_COMMA = YES;
				CLANG_WARN_CONSTANT_CONVERSION = YES;
				CLANG_WARN_DEPRECATED_OBJC_IMPLEMENTATIONS = YES;
				CLANG_WARN_DIRECT_OBJC_ISA_USAGE = YES_ERROR;
				CLANG_WARN_DOCUMENTATION_COMMENTS = YES;
				CLANG_WARN_EMPTY_BODY = YES;
				CLANG_WARN_ENUM_CONVERSION = YES;
				CLANG_WARN_INFINITE_RECURSION = YES;
				CLANG_WARN_INT_CONVERSION = YES;
				CLANG_WARN_NON_LITERAL_NULL_CONVERSION = YES;
				CLANG_WARN_OBJC_IMPLICIT_RETAIN_SELF = YES;
				CLANG_WARN_OBJC_LITERAL_CONVERSION = YES;
				CLANG_WARN_OBJC_ROOT_CLASS = YES_ERROR;
				CLANG_WARN_QUOTED_INCLUDE_IN_FRAMEWORK_HEADER = YES;
				CLANG_WARN_RANGE_LOOP_ANALYSIS = YES;
				CLANG_WARN_STRICT_PROTOTYPES = YES;
				CLANG_WARN_SUSPICIOUS_MOVE = YES;
				CLANG_WARN_UNGUARDED_AVAILABILITY = YES_AGGRESSIVE;
				CLANG_WARN_UNREACHABLE_CODE = YES;
				CLANG_WARN__DUPLICATE_METHOD_MATCH = YES;
				COPY_PHASE_STRIP = NO;
				DEBUG_INFORMATION_FORMAT = "dwarf-with-dsym";
				ENABLE_NS_ASSERTIONS = NO;
				ENABLE_STRICT_OBJC_MSGSEND = YES;
				ENABLE_USER_SCRIPT_SANDBOXING = YES;
				GCC_C_LANGUAGE_STANDARD = gnu17;
				GCC_NO_COMMON_BLOCKS = YES;
				GCC_WARN_64_TO_32_BIT_CONVERSION = YES;
				GCC_WARN_ABOUT_RETURN_TYPE = YES_ERROR;
				GCC_WARN_UNDECLARED_SELECTOR = YES;
				GCC_WARN_UNINITIALIZED_AUTOS = YES_AGGRESSIVE;
				GCC_WARN_UNUSED_FUNCTION = YES;
				GCC_WARN_UNUSED_VARIABLE = YES;
				IPHONEOS_DEPLOYMENT_TARGET = 17.2;
				LOCALIZATION_PREFERS_STRING_CATALOGS = YES;
				MTL_ENABLE_DEBUG_INFO = NO;
				MTL_FAST_MATH = YES;
				SDKROOT = iphoneos;
				SWIFT_COMPILATION_MODE = wholemodule;
				VALIDATE_PRODUCT = YES;
			};
			name = Release;
		};
		AF9B2CA22B7E764900B9FD90 /* Debug */ = {
			isa = XCBuildConfiguration;
			buildSettings = {
				ASSETCATALOG_COMPILER_APPICON_NAME = AppIcon;
				ASSETCATALOG_COMPILER_GLOBAL_ACCENT_COLOR_NAME = AccentColor;
				CODE_SIGN_STYLE = Automatic;
				CURRENT_PROJECT_VERSION = 1;
				DEVELOPMENT_TEAM = 7B475922E3;
				GENERATE_INFOPLIST_FILE = YES;
				INFOPLIST_FILE = UICollectionViewCompositionalLayout/Info.plist;
				INFOPLIST_KEY_UIApplicationSupportsIndirectInputEvents = YES;
				INFOPLIST_KEY_UILaunchStoryboardName = LaunchScreen;
				INFOPLIST_KEY_UIMainStoryboardFile = "";
				INFOPLIST_KEY_UISupportedInterfaceOrientations_iPad = "UIInterfaceOrientationPortrait UIInterfaceOrientationPortraitUpsideDown UIInterfaceOrientationLandscapeLeft UIInterfaceOrientationLandscapeRight";
				INFOPLIST_KEY_UISupportedInterfaceOrientations_iPhone = "UIInterfaceOrientationPortrait UIInterfaceOrientationLandscapeLeft UIInterfaceOrientationLandscapeRight";
				LD_RUNPATH_SEARCH_PATHS = (
					"$(inherited)",
					"@executable_path/Frameworks",
				);
				MARKETING_VERSION = 1.0;
				PRODUCT_BUNDLE_IDENTIFIER = com.arturremizov.UICollectionViewCompositionalLayout;
				PRODUCT_NAME = "$(TARGET_NAME)";
				SWIFT_EMIT_LOC_STRINGS = YES;
				SWIFT_VERSION = 5.0;
				TARGETED_DEVICE_FAMILY = "1,2";
			};
			name = Debug;
		};
		AF9B2CA32B7E764900B9FD90 /* Release */ = {
			isa = XCBuildConfiguration;
			buildSettings = {
				ASSETCATALOG_COMPILER_APPICON_NAME = AppIcon;
				ASSETCATALOG_COMPILER_GLOBAL_ACCENT_COLOR_NAME = AccentColor;
				CODE_SIGN_STYLE = Automatic;
				CURRENT_PROJECT_VERSION = 1;
				DEVELOPMENT_TEAM = 7B475922E3;
				GENERATE_INFOPLIST_FILE = YES;
				INFOPLIST_FILE = UICollectionViewCompositionalLayout/Info.plist;
				INFOPLIST_KEY_UIApplicationSupportsIndirectInputEvents = YES;
				INFOPLIST_KEY_UILaunchStoryboardName = LaunchScreen;
				INFOPLIST_KEY_UIMainStoryboardFile = "";
				INFOPLIST_KEY_UISupportedInterfaceOrientations_iPad = "UIInterfaceOrientationPortrait UIInterfaceOrientationPortraitUpsideDown UIInterfaceOrientationLandscapeLeft UIInterfaceOrientationLandscapeRight";
				INFOPLIST_KEY_UISupportedInterfaceOrientations_iPhone = "UIInterfaceOrientationPortrait UIInterfaceOrientationLandscapeLeft UIInterfaceOrientationLandscapeRight";
				LD_RUNPATH_SEARCH_PATHS = (
					"$(inherited)",
					"@executable_path/Frameworks",
				);
				MARKETING_VERSION = 1.0;
				PRODUCT_BUNDLE_IDENTIFIER = com.arturremizov.UICollectionViewCompositionalLayout;
				PRODUCT_NAME = "$(TARGET_NAME)";
				SWIFT_EMIT_LOC_STRINGS = YES;
				SWIFT_VERSION = 5.0;
				TARGETED_DEVICE_FAMILY = "1,2";
			};
			name = Release;
		};
/* End XCBuildConfiguration section */

/* Begin XCConfigurationList section */
		AF9B2C882B7E764600B9FD90 /* Build configuration list for PBXProject "UICollectionViewCompositionalLayout" */ = {
			isa = XCConfigurationList;
			buildConfigurations = (
				AF9B2C9F2B7E764900B9FD90 /* Debug */,
				AF9B2CA02B7E764900B9FD90 /* Release */,
			);
			defaultConfigurationIsVisible = 0;
			defaultConfigurationName = Release;
		};
		AF9B2CA12B7E764900B9FD90 /* Build configuration list for PBXNativeTarget "UICollectionViewCompositionalLayout" */ = {
			isa = XCConfigurationList;
			buildConfigurations = (
				AF9B2CA22B7E764900B9FD90 /* Debug */,
				AF9B2CA32B7E764900B9FD90 /* Release */,
			);
			defaultConfigurationIsVisible = 0;
			defaultConfigurationName = Release;
		};
/* End XCConfigurationList section */
	};
	rootObject = AF9B2C852B7E764600B9FD90 /* Project object */;
}
